<?xml version="1.0" encoding="UTF-8" standalone="yes"?>
<CodeBlocks_project_file>
<FileVersion major="1" minor="6" />
<Project>
<Option title="AC632N_mesh" />
<Option compiler="q32s_lto_compiler" />
<Build>
<Target title="Release">
<Option output="../../../../cpu/bd19/tools/sdk.elf" prefix_auto="0" extension_auto="0" />
<Option object_output="obj/Release/" />
<Option type="1" />
<Option compiler="q32s_lto_compiler" />
<Compiler>
<Add option="-integrated-as" />
<Add option="-g" />
<Add option="-O0" />
<Add option="-flto" />
<Add option="-Os" />
<Add option="-Wcast-align" />
<Add option="-w" />
<Add option="-fallow-pointer-null" />
<Add option="-Wincompatible-pointer-types" />
<Add option="-Wundef" />
<Add option="-fprefer-gnu-section" />
<Add option="-Wframe-larger-than=256" />
<Add option="-Wreturn-type" />
<Add option="-Wimplicit-function-declaration" />
<Add option="-fms-extensions" />
<Add option="-DSUPPORT_MS_EXTENSIONS" />
<Add option="-DCONFIG_RELEASE_ENABLE" />
<Add option="-DCONFIG_CPU_BD19" />
<Add option="-DCONFIG_NEW_BREDR_ENABLE" />
<Add option="-DCONFIG_FREE_RTOS_ENABLE" />
<Add option="-DCONFIG_EQ_SUPPORT_ASYNC" />
<Add option="-DEQ_DESIGN_IN_MASK" />
<Add option="-DSINE_MAKE_IN_MASK" />
<Add option="-DCONFIG_MMU_ENABLE" />
<Add option="-DCONFIG_AEC_M=256" />
<Add option="-DCONFIG_AUDIO_ONCHIP" />
<Add option="-DCONFIG_MEDIA_NEW_ENABLE" />
<Add option="-D__GCC_Q32S__" />
<Add option="-DCONFIG_NEW_ECC_ENABLE" />
<Add option="-DCONFIG_CRYPTO_TOOLBOX_OSIZE_IN_MASKROM" />
<Add option="-DEVENT_HANDLER_NUM_CONFIG=2" />
<Add option="-DEVENT_TOUCH_ENABLE_CONFIG=0" />
<Add option="-DEVENT_POOL_SIZE_CONFIG=256" />
<Add option="-DCONFIG_EVENT_KEY_MAP_ENABLE=0" />
<Add option="-DTIMER_POOL_NUM_CONFIG=10" />
<Add option="-DAPP_ASYNC_POOL_NUM_CONFIG=0" />
<Add option="-DSDK_VERSION_CFG_DEFINE=0x230003" />
<Add option="-DSDK_VERSION_DATE_DEFINE=20240331" />
<Add option="-DVFS_ENABLE=1" />
<Add option="-DUSE_SDFILE_NEW=1" />
<Add option="-DVFS_FILE_POOL_NUM_CONFIG=0" />
<Add option="-DSDFILE_VERSION=0x020000" />
<Add option="-DVM_MAX_SIZE_CONFIG=16*1024" />
<Add option="-DVM_ITEM_MAX_NUM=256" />
<Add option="-DCONFIG_TWS_ENABLE" />
<Add option="-DCONFIG_MESH_CASE_ENABLE" />
<Add option="-DCONFIG_TRANSFER_ENABLE" />
<Add option="-DCONFIG_LITE_AEC_ENABLE=0" />
<Add option="-DCONFIG_LITE_AUDIO" />
<Add option="-DCONFIG_LMP_RESET_ENABLE" />
<Add option="-DCONFIG_LMP_REFRESH_ENCRYPTION_KEY_ENABLE" />
<Add option="-DCONFIG_LINK_DISTURB_SCAN_ENABLE=0" />
<Add option="-DCONFIG_BTCTRLER_TASK_DEL_ENABLE" />
<Add option="-DCONFIG_UPDATA_ENABLE" />
<Add option="-DCONFIG_OTA_UPDATA_ENABLE" />
<Add option="-DCONFIG_ITEM_FORMAT_VM" />
<Add option="-DTCFG_APP_BT_EN=1" />
<Add option="-DUSB_PC_NO_APP_MODE" />
<Add directory="../../../../include_lib" />
<Add directory="../../../../include_lib/driver" />
<Add directory="../../../../include_lib/driver/device" />
<Add directory="../../../../include_lib/driver/cpu/bd19" />
<Add directory="../../../../include_lib/system" />
<Add directory="../../../../include_lib/system/generic" />
<Add directory="../../../../include_lib/system/device" />
<Add directory="../../../../include_lib/system/fs" />
<Add directory="../../../../include_lib/system/ui" />
<Add directory="../../../../include_lib/system/math/cpu/bd19" />
<Add directory="../../../../include_lib/btctrler" />
<Add directory="../../../../include_lib/btctrler/port/bd19" />
<Add directory="../../../../include_lib/update" />
<Add directory="../../../../include_lib/agreement" />
<Add directory="../../../../include_lib/btstack/third_party/common" />
<Add directory="../../../../include_lib/btstack/third_party/rcsp" />
<Add directory="../../../../include_lib/media/media_new" />
<Add directory="../../../../include_lib/media/media_new/media" />
<Add directory="../../../../include_lib/media/media_new/media/cpu/bd19" />
<Add directory="../../../../include_lib/media/media_new/media/cpu/bd19/asm" />
<Add directory="../../../../apps/common/third_party_profile/llsync_mesh/cfg" />
<Add directory="../../../../apps/common/third_party_profile/llsync_mesh/data_template" />
<Add directory="../../../../apps/common/third_party_profile/llsync_mesh/include" />
<Add directory="../../../../apps/common/third_party_profile/llsync_mesh/sdk_src/include" />
<Add directory="../../../../apps/mesh/board/bd19" />
<Add directory="../../../../apps/mesh/include" />
<Add directory="../../../../apps/common" />
<Add directory="../../../../apps/common/include" />
<Add directory="../../../../apps/common/config/include" />
<Add directory="../../../../apps/common/third_party_profile/common" />
<Add directory="../../../../apps/common/third_party_profile/jieli/JL_rcsp/rcsp_updata" />
<Add directory="../../../../apps/common/third_party_profile/jieli/JL_rcsp" />
<Add directory="../../../../apps/common/third_party_profile/jieli/gatt_common" />
<Add directory="../../../../apps/common/third_party_profile/jieli" />
<Add directory="../../../../include_lib/system/os/FreeRTOS" />
<Add directory="../../../../include_lib/btstack" />
<Add directory="../../../../cpu/bd19" />
<Add directory="../../../../cpu/bd19/audio_encode" />
<Add directory="../../../../cpu/bd19/audio_decode" />
<Add directory="../../../../apps/common/audio" />
<Add directory="../../../../apps/common/third_party_profile" />
<Add directory="../../../../apps/common/third_party_profile/sig_mesh" />
<Add directory="../../../../apps/common/third_party_profile/sig_mesh/tinycrypt/include" />
<Add directory="../../../../apps/common/third_party_profile/sig_mesh/adaptation" />
<Add directory="../../../../apps/mesh/api" />
</Compiler>
<Linker>
<Add option="--plugin-opt=-inline-threshold=5" />
<Add option="--plugin-opt=save-temps" />
<Add option="--plugin-opt=-inline-normal-into-special-section=true" />
<Add option="--plugin-opt=-dont-used-symbol-list=malloc,free,sprintf,printf,puts,putchar" />
<Add option="--plugin-opt=-warn-stack-size=256" />
<Add option="--sort-common" />
<Add option="--dont-complain-call-overflow" />
<Add option="--gc-sections" />
<Add option="--start-group" />
<Add option="../../../../cpu/bd19/liba/cpu.a" />
<Add option="../../../../cpu/bd19/liba/system.a" />
<Add option="../../../../cpu/bd19/liba/btstack.a" />
<Add option="../../../../cpu/bd19/liba/btctrler.a" />
<Add option="../../../../cpu/bd19/liba/rcsp_stack.a" />
<Add option="../../../../cpu/bd19/liba/agreement.a" />
<Add option="../../../../cpu/bd19/liba/media.a" />
<Add option="../../../../cpu/bd19/liba/lc3_codec_lib.a" />
<Add option="../../../../cpu/bd19/liba/usbc_codec_lib.a" />
<Add option="../../../../cpu/bd19/liba/wtgv2_dec_lib.a" />
<Add option="../../../../cpu/bd19/liba/wav_dec_lib.a" />
<Add option="../../../../cpu/bd19/liba/lib_adpcm_ima_code.a" />
<Add option="../../../../cpu/bd19/liba/opus_enc_lib.a" />
<Add option="../../../../cpu/bd19/liba/update.a" />
<Add option="--end-group" />
<Add option="-T../../../../cpu/bd19/sdk.ld" />
<Add option="-M=../../../../cpu/bd19/tools/sdk.map" />
<Add library="C:\JL\pi32\q32s-lib\libm.a" />
</Linker>
<ExtraCommands>
<Add before="$compiler $options $includes -D__LD__ -E -P ..\..\..\..\cpu\bd19\sdk_used_list.c -o ..\..\..\..\cpu\bd19\sdk_used_list.used" />
<Add before="$compiler $options $includes -D__LD__ -E -P ..\..\..\..\cpu\bd19\sdk_ld.c -o ..\..\..\..\cpu\bd19\sdk.ld" />
<Add before="$compiler $options $includes -D__LD__ -E -P ..\..\..\..\cpu\bd19\tools\download.c -o ..\..\..\..\cpu\bd19\tools\download.bat" />
<Add before="..\..\..\..\tools\utils\fixbat.exe ..\..\..\..\cpu\bd19\tools\download.bat" />
<Add before="$compiler $options $includes -D__LD__ -E -P ..\..\..\..\cpu\bd19\tools\isd_config_rule.c -o ..\..\..\..\cpu\bd19\tools\isd_config.ini" />
<Mode before="always" />
<Add after="..\..\..\..\cpu\bd19\tools\download.bat sdk" />
<Mode after="always" />
</ExtraCommands>
</Target>
</Build>
<Unit filename="../../../../apps/common/audio/audio_digital_vol.c"><Option compilerVer="CC"/></Unit>
<Unit filename="../../../../apps/common/audio/audio_digital_vol.h" />
<Unit filename="../../../../apps/common/bt_common/bt_test_api.c"><Option compilerVer="CC"/></Unit>
<Unit filename="../../../../apps/common/config/include/bt_profile_cfg.h" />
<Unit filename="../../../../apps/common/debug/debug.c"><Option compilerVer="CC"/></Unit>
<Unit filename="../../../../apps/common/device/key/adkey.c"><Option compilerVer="CC"/></Unit>
<Unit filename="../../../../apps/common/device/key/iokey.c"><Option compilerVer="CC"/></Unit>
<Unit filename="../../../../apps/common/device/key/irkey.c"><Option compilerVer="CC"/></Unit>
<Unit filename="../../../../apps/common/device/key/key_driver.c"><Option compilerVer="CC"/></Unit>
<Unit filename="../../../../apps/common/include/bt_common.h" />
<Unit filename="../../../../apps/common/include/norflash.h" />
<Unit filename="../../../../apps/common/include/update_tws.h" />
<Unit filename="../../../../apps/common/temp_trim/dtemp_pll_trim.c"><Option compilerVer="CC"/></Unit>
<Unit filename="../../../../apps/common/third_party_profile/common/custom_cfg.c"><Option compilerVer="CC"/></Unit>
<Unit filename="../../../../apps/common/third_party_profile/common/custom_cfg.h" />
<Unit filename="../../../../apps/common/third_party_profile/jieli/JL_rcsp/bt_trans_data/rcsp_hid_inter.c"><Option compilerVer="CC"/></Unit>
<Unit filename="../../../../apps/common/third_party_profile/jieli/JL_rcsp/bt_trans_data/rcsp_hid_inter.h" />
<Unit filename="../../../../apps/common/third_party_profile/jieli/JL_rcsp/rcsp_bluetooth.c"><Option compilerVer="CC"/></Unit>
<Unit filename="../../../../apps/common/third_party_profile/jieli/JL_rcsp/rcsp_bluetooth.h" />
<Unit filename="../../../../apps/common/third_party_profile/jieli/JL_rcsp/rcsp_msg.h" />
<Unit filename="../../../../apps/common/third_party_profile/jieli/JL_rcsp/rcsp_updata/rcsp_ch_loader_download.c"><Option compilerVer="CC"/></Unit>
<Unit filename="../../../../apps/common/third_party_profile/jieli/JL_rcsp/rcsp_updata/rcsp_user_update.c"><Option compilerVer="CC"/></Unit>
<Unit filename="../../../../apps/common/third_party_profile/jieli/JL_rcsp/rcsp_updata/rcsp_user_update.h" />
<Unit filename="../../../../apps/common/third_party_profile/jieli/le_common.h" />
<Unit filename="../../../../apps/common/third_party_profile/llsync_mesh/cfg/ble_qiot_mesh_cfg.h" />
<Unit filename="../../../../apps/common/third_party_profile/llsync_mesh/data_template/ble_qiot_template.c"><Option compilerVer="CC"/></Unit>
<Unit filename="../../../../apps/common/third_party_profile/llsync_mesh/data_template/ble_qiot_template.h" />
<Unit filename="../../../../apps/common/third_party_profile/llsync_mesh/hal/ble_qiot_export.c"><Option compilerVer="CC"/></Unit>
<Unit filename="../../../../apps/common/third_party_profile/llsync_mesh/hal/ble_qiot_import.c"><Option compilerVer="CC"/></Unit>
<Unit filename="../../../../apps/common/third_party_profile/llsync_mesh/include/ble_qiot_export.h" />
<Unit filename="../../../../apps/common/third_party_profile/llsync_mesh/include/ble_qiot_import.h" />
<Unit filename="../../../../apps/common/third_party_profile/llsync_mesh/sdk_src/core/ble_qiot_utils_mesh.c"><Option compilerVer="CC"/></Unit>
<Unit filename="../../../../apps/common/third_party_profile/llsync_mesh/sdk_src/include/ble_qiot_common.h" />
<Unit filename="../../../../apps/common/third_party_profile/llsync_mesh/sdk_src/include/ble_qiot_hmac256.h" />
<Unit filename="../../../../apps/common/third_party_profile/llsync_mesh/sdk_src/include/ble_qiot_log.h" />
<Unit filename="../../../../apps/common/third_party_profile/llsync_mesh/sdk_src/include/ble_qiot_sha256.h" />
<Unit filename="../../../../apps/common/third_party_profile/llsync_mesh/sdk_src/include/ble_qiot_utils_base64.h" />
<Unit filename="../../../../apps/common/third_party_profile/llsync_mesh/sdk_src/include/ble_qiot_utils_mesh.h" />
<Unit filename="../../../../apps/common/third_party_profile/llsync_mesh/sdk_src/utils/ble_qiot_utils_base64.c"><Option compilerVer="CC"/></Unit>
<Unit filename="../../../../apps/common/third_party_profile/llsync_mesh/sdk_src/utils/ble_qiot_utils_hmac256.c"><Option compilerVer="CC"/></Unit>
<Unit filename="../../../../apps/common/third_party_profile/llsync_mesh/sdk_src/utils/ble_qiot_utils_log.c"><Option compilerVer="CC"/></Unit>
<Unit filename="../../../../apps/common/third_party_profile/llsync_mesh/sdk_src/utils/ble_qiot_utils_sha256.c"><Option compilerVer="CC"/></Unit>
<Unit filename="../../../../apps/common/third_party_profile/sig_mesh/access.c"><Option compilerVer="CC"/></Unit>
<Unit filename="../../../../apps/common/third_party_profile/sig_mesh/access.h" />
<Unit filename="../../../../apps/common/third_party_profile/sig_mesh/adaptation/adaptation.h" />
<Unit filename="../../../../apps/common/third_party_profile/sig_mesh/adaptation/ble_core/adv_core.c"><Option compilerVer="CC"/></Unit>
<Unit filename="../../../../apps/common/third_party_profile/sig_mesh/adaptation/ble_core/gatt_core.c"><Option compilerVer="CC"/></Unit>
<Unit filename="../../../../apps/common/third_party_profile/sig_mesh/adaptation/ble_core/hci_core.c"><Option compilerVer="CC"/></Unit>
<Unit filename="../../../../apps/common/third_party_profile/sig_mesh/adaptation/ble_core/scan_core.c"><Option compilerVer="CC"/></Unit>
<Unit filename="../../../../apps/common/third_party_profile/sig_mesh/adaptation/kernel/atomic_c.c"><Option compilerVer="CC"/></Unit>
<Unit filename="../../../../apps/common/third_party_profile/sig_mesh/adaptation/kernel/atomic_h.h" />
<Unit filename="../../../../apps/common/third_party_profile/sig_mesh/adaptation/kernel/kernel_work.c"><Option compilerVer="CC"/></Unit>
<Unit filename="../../../../apps/common/third_party_profile/sig_mesh/adaptation/mesh_log.h" />
<Unit filename="../../../../apps/common/third_party_profile/sig_mesh/adaptation/misc/byteorder.h" />
<Unit filename="../../../../apps/common/third_party_profile/sig_mesh/adaptation/misc/list_gen.h" />
<Unit filename="../../../../apps/common/third_party_profile/sig_mesh/adaptation/misc/slist.h" />
<Unit filename="../../../../apps/common/third_party_profile/sig_mesh/adaptation/storage.c"><Option compilerVer="CC"/></Unit>
<Unit filename="../../../../apps/common/third_party_profile/sig_mesh/adaptation/utils.c"><Option compilerVer="CC"/></Unit>
<Unit filename="../../../../apps/common/third_party_profile/sig_mesh/adv.c"><Option compilerVer="CC"/></Unit>
<Unit filename="../../../../apps/common/third_party_profile/sig_mesh/adv.h" />
<Unit filename="../../../../apps/common/third_party_profile/sig_mesh/api/access.h" />
<Unit filename="../../../../apps/common/third_party_profile/sig_mesh/api/basic_depend.h" />
<Unit filename="../../../../apps/common/third_party_profile/sig_mesh/api/cdb.h" />
<Unit filename="../../../../apps/common/third_party_profile/sig_mesh/api/cfg_cli.h" />
<Unit filename="../../../../apps/common/third_party_profile/sig_mesh/api/cfg_srv.h" />
<Unit filename="../../../../apps/common/third_party_profile/sig_mesh/api/health_cli.h" />
<Unit filename="../../../../apps/common/third_party_profile/sig_mesh/api/health_srv.h" />
<Unit filename="../../../../apps/common/third_party_profile/sig_mesh/api/main.h" />
<Unit filename="../../../../apps/common/third_party_profile/sig_mesh/api/mesh_config.h" />
<Unit filename="../../../../apps/common/third_party_profile/sig_mesh/api/proxy.h" />
<Unit filename="../../../../apps/common/third_party_profile/sig_mesh/api/sig_mesh_api.c"><Option compilerVer="CC"/></Unit>
<Unit filename="../../../../apps/common/third_party_profile/sig_mesh/api/sig_mesh_api.h" />
<Unit filename="../../../../apps/common/third_party_profile/sig_mesh/beacon.c"><Option compilerVer="CC"/></Unit>
<Unit filename="../../../../apps/common/third_party_profile/sig_mesh/beacon.h" />
<Unit filename="../../../../apps/common/third_party_profile/sig_mesh/cdb.c"><Option compilerVer="CC"/></Unit>
<Unit filename="../../../../apps/common/third_party_profile/sig_mesh/cfg_cli.c"><Option compilerVer="CC"/></Unit>
<Unit filename="../../../../apps/common/third_party_profile/sig_mesh/cfg_srv.c"><Option compilerVer="CC"/></Unit>
<Unit filename="../../../../apps/common/third_party_profile/sig_mesh/crypto.c"><Option compilerVer="CC"/></Unit>
<Unit filename="../../../../apps/common/third_party_profile/sig_mesh/crypto.h" />
<Unit filename="../../../../apps/common/third_party_profile/sig_mesh/foundation.h" />
<Unit filename="../../../../apps/common/third_party_profile/sig_mesh/friend.c"><Option compilerVer="CC"/></Unit>
<Unit filename="../../../../apps/common/third_party_profile/sig_mesh/friend.h" />
<Unit filename="../../../../apps/common/third_party_profile/sig_mesh/health_cli.c"><Option compilerVer="CC"/></Unit>
<Unit filename="../../../../apps/common/third_party_profile/sig_mesh/health_srv.c"><Option compilerVer="CC"/></Unit>
<Unit filename="../../../../apps/common/third_party_profile/sig_mesh/lpn.c"><Option compilerVer="CC"/></Unit>
<Unit filename="../../../../apps/common/third_party_profile/sig_mesh/lpn.h" />
<Unit filename="../../../../apps/common/third_party_profile/sig_mesh/main.c"><Option compilerVer="CC"/></Unit>
<Unit filename="../../../../apps/common/third_party_profile/sig_mesh/mesh.h" />
<Unit filename="../../../../apps/common/third_party_profile/sig_mesh/net.c"><Option compilerVer="CC"/></Unit>
<Unit filename="../../../../apps/common/third_party_profile/sig_mesh/net.h" />
<Unit filename="../../../../apps/common/third_party_profile/sig_mesh/net/buf.c"><Option compilerVer="CC"/></Unit>
<Unit filename="../../../../apps/common/third_party_profile/sig_mesh/net/buf.h" />
<Unit filename="../../../../apps/common/third_party_profile/sig_mesh/prov.c"><Option compilerVer="CC"/></Unit>
<Unit filename="../../../../apps/common/third_party_profile/sig_mesh/prov.h" />
<Unit filename="../../../../apps/common/third_party_profile/sig_mesh/proxy.c"><Option compilerVer="CC"/></Unit>
<Unit filename="../../../../apps/common/third_party_profile/sig_mesh/proxy.h" />
<Unit filename="../../../../apps/common/third_party_profile/sig_mesh/settings.c"><Option compilerVer="CC"/></Unit>
<Unit filename="../../../../apps/common/third_party_profile/sig_mesh/settings.h" />
<Unit filename="../../../../apps/common/third_party_profile/sig_mesh/tinycrypt/include/tinycrypt/aes.h" />
<Unit filename="../../../../apps/common/third_party_profile/sig_mesh/tinycrypt/include/tinycrypt/ccm_mode.h" />
<Unit filename="../../../../apps/common/third_party_profile/sig_mesh/tinycrypt/include/tinycrypt/cmac_mode.h" />
<Unit filename="../../../../apps/common/third_party_profile/sig_mesh/tinycrypt/include/tinycrypt/constants.h" />
<Unit filename="../../../../apps/common/third_party_profile/sig_mesh/tinycrypt/include/tinycrypt/utils.h" />
<Unit filename="../../../../apps/common/third_party_profile/sig_mesh/tinycrypt/source/aes_encrypt.c"><Option compilerVer="CC"/></Unit>
<Unit filename="../../../../apps/common/third_party_profile/sig_mesh/tinycrypt/source/cmac_mode.c"><Option compilerVer="CC"/></Unit>
<Unit filename="../../../../apps/common/third_party_profile/sig_mesh/tinycrypt/source/utils.c"><Option compilerVer="CC"/></Unit>
<Unit filename="../../../../apps/common/third_party_profile/sig_mesh/transport.c"><Option compilerVer="CC"/></Unit>
<Unit filename="../../../../apps/common/third_party_profile/sig_mesh/transport.h" />
<Unit filename="../../../../apps/common/update/testbox_update.c"><Option compilerVer="CC"/></Unit>
<Unit filename="../../../../apps/common/update/update.c"><Option compilerVer="CC"/></Unit>
<Unit filename="../../../../apps/mesh/MshMDL/generic_level_srv.c"><Option compilerVer="CC"/></Unit>
<Unit filename="../../../../apps/mesh/MshMDL/generic_onoff_cli.c"><Option compilerVer="CC"/></Unit>
<Unit filename="../../../../apps/mesh/MshMDL/generic_onoff_srv.c"><Option compilerVer="CC"/></Unit>
<Unit filename="../../../../apps/mesh/MshMDL/generic_power_onoff_srv.c"><Option compilerVer="CC"/></Unit>
<Unit filename="../../../../apps/mesh/MshMDL/lightness_srv.c"><Option compilerVer="CC"/></Unit>
<Unit filename="../../../../apps/mesh/api/feature_correct.h" />
<Unit filename="../../../../apps/mesh/api/mesh_config_common.c"><Option compilerVer="CC"/></Unit>
<Unit filename="../../../../apps/mesh/api/model_api.c"><Option compilerVer="CC"/></Unit>
<Unit filename="../../../../apps/mesh/api/model_api.h" />
<Unit filename="../../../../apps/mesh/api/unix_timestamp.c"><Option compilerVer="CC"/></Unit>
<Unit filename="../../../../apps/mesh/api/unix_timestamp.h" />
<Unit filename="../../../../apps/mesh/app_idle.c"><Option compilerVer="CC"/></Unit>
<Unit filename="../../../../apps/mesh/app_main.c"><Option compilerVer="CC"/></Unit>
<Unit filename="../../../../apps/mesh/app_mesh.c"><Option compilerVer="CC"/></Unit>
<Unit filename="../../../../apps/mesh/board/bd19/board_ac6321a_demo.c"><Option compilerVer="CC"/></Unit>
<Unit filename="../../../../apps/mesh/board/bd19/board_ac6321a_demo_cfg.h" />
<Unit filename="../../../../apps/mesh/board/bd19/board_ac6321a_demo_global_build_cfg.h" />
<Unit filename="../../../../apps/mesh/board/bd19/board_ac6323a_demo.c"><Option compilerVer="CC"/></Unit>
<Unit filename="../../../../apps/mesh/board/bd19/board_ac6323a_demo_cfg.h" />
<Unit filename="../../../../apps/mesh/board/bd19/board_ac6323a_demo_global_build_cfg.h" />
<Unit filename="../../../../apps/mesh/board/bd19/board_ac6328a_demo.c"><Option compilerVer="CC"/></Unit>
<Unit filename="../../../../apps/mesh/board/bd19/board_ac6328a_demo_cfg.h" />
<Unit filename="../../../../apps/mesh/board/bd19/board_ac6328a_demo_global_build_cfg.h" />
<Unit filename="../../../../apps/mesh/board/bd19/board_ac6329b_demo.c"><Option compilerVer="CC"/></Unit>
<Unit filename="../../../../apps/mesh/board/bd19/board_ac6329b_demo_cfg.h" />
<Unit filename="../../../../apps/mesh/board/bd19/board_ac6329b_demo_global_build_cfg.h" />
<Unit filename="../../../../apps/mesh/board/bd19/board_ac6329c_demo.c"><Option compilerVer="CC"/></Unit>
<Unit filename="../../../../apps/mesh/board/bd19/board_ac6329c_demo_cfg.h" />
<Unit filename="../../../../apps/mesh/board/bd19/board_ac6329c_demo_global_build_cfg.h" />
<Unit filename="../../../../apps/mesh/board/bd19/board_ac6329e_demo.c"><Option compilerVer="CC"/></Unit>
<Unit filename="../../../../apps/mesh/board/bd19/board_ac6329e_demo_cfg.h" />
<Unit filename="../../../../apps/mesh/board/bd19/board_ac6329e_demo_global_build_cfg.h" />
<Unit filename="../../../../apps/mesh/board/bd19/board_ac6329f_demo.c"><Option compilerVer="CC"/></Unit>
<Unit filename="../../../../apps/mesh/board/bd19/board_ac6329f_demo_cfg.h" />
<Unit filename="../../../../apps/mesh/board/bd19/board_ac6329f_demo_global_build_cfg.h" />
<Unit filename="../../../../apps/mesh/board/bd19/board_ac632n_demo.c"><Option compilerVer="CC"/></Unit>
<Unit filename="../../../../apps/mesh/board/bd19/board_ac632n_demo_cfg.h" />
<Unit filename="../../../../apps/mesh/board/bd19/board_ac632n_demo_global_build_cfg.h" />
<Unit filename="../../../../apps/mesh/board/bd19/board_config.h" />
<Unit filename="../../../../apps/mesh/examples/AliGenie_fan.c"><Option compilerVer="CC"/></Unit>
<Unit filename="../../../../apps/mesh/examples/AliGenie_light.c"><Option compilerVer="CC"/></Unit>
<Unit filename="../../../../apps/mesh/examples/AliGenie_socket.c"><Option compilerVer="CC"/></Unit>
<Unit filename="../../../../apps/mesh/examples/TUYA_light.c"><Option compilerVer="CC"/></Unit>
<Unit filename="../../../../apps/mesh/examples/generic_onoff_client.c"><Option compilerVer="CC"/></Unit>
<Unit filename="../../../../apps/mesh/examples/generic_onoff_server.c"><Option compilerVer="CC"/></Unit>
<Unit filename="../../../../apps/mesh/examples/light_lightness_server.c"><Option compilerVer="CC"/></Unit>
<Unit filename="../../../../apps/mesh/examples/onoff_tobe_provision.c"><Option compilerVer="CC"/></Unit>
<Unit filename="../../../../apps/mesh/examples/provisioner.c"><Option compilerVer="CC"/></Unit>
<Unit filename="../../../../apps/mesh/examples/provisioner_config.h" />
<Unit filename="../../../../apps/mesh/examples/sha256.h" />
<Unit filename="../../../../apps/mesh/examples/tencent_mesh.c"><Option compilerVer="CC"/></Unit>
<Unit filename="../../../../apps/mesh/examples/vendor_client.c"><Option compilerVer="CC"/></Unit>
<Unit filename="../../../../apps/mesh/examples/vendor_server.c"><Option compilerVer="CC"/></Unit>
<Unit filename="../../../../apps/mesh/include/aec_user.h" />
<Unit filename="../../../../apps/mesh/include/app_action.h" />
<Unit filename="../../../../apps/mesh/include/app_config.h" />
<Unit filename="../../../../apps/mesh/include/app_main.h" />
<Unit filename="../../../../apps/mesh/include/rtc_alarm.h" />
<Unit filename="../../../../apps/mesh/include/tone_player.h" />
<Unit filename="../../../../apps/mesh/include/user_cfg_id.h" />
<Unit filename="../../../../apps/mesh/lib_config/lib_btctrler_config.c"><Option compilerVer="CC"/></Unit>
<Unit filename="../../../../apps/mesh/lib_config/lib_btstack_config.c"><Option compilerVer="CC"/></Unit>
<Unit filename="../../../../apps/mesh/lib_config/lib_driver_config.c"><Option compilerVer="CC"/></Unit>
<Unit filename="../../../../apps/mesh/lib_config/lib_media_config.c"><Option compilerVer="CC"/></Unit>
<Unit filename="../../../../apps/mesh/lib_config/lib_profile_config.c"><Option compilerVer="CC"/></Unit>
<Unit filename="../../../../apps/mesh/lib_config/lib_system_config.c"><Option compilerVer="CC"/></Unit>
<Unit filename="../../../../apps/mesh/lib_config/lib_update_config.c"><Option compilerVer="CC"/></Unit>
<Unit filename="../../../../apps/mesh/log_config.c"><Option compilerVer="CC"/></Unit>
<Unit filename="../../../../apps/mesh/user_cfg.c"><Option compilerVer="CC"/></Unit>
<Unit filename="../../../../apps/mesh/version.c"><Option compilerVer="CC"/></Unit>
<Unit filename="../../../../cpu/bd19/Resample_api.h" />
<Unit filename="../../../../cpu/bd19/adc_api.c"><Option compilerVer="CC"/></Unit>
<Unit filename="../../../../cpu/bd19/audio_codec_clock.c"><Option compilerVer="CC"/></Unit>
<Unit filename="../../../../cpu/bd19/audio_codec_clock.h" />
<Unit filename="../../../../cpu/bd19/audio_config.h" />
<Unit filename="../../../../cpu/bd19/audio_decode/audio_decode.c"><Option compilerVer="CC"/></Unit>
<Unit filename="../../../../cpu/bd19/audio_decode/audio_decode.h" />
<Unit filename="../../../../cpu/bd19/audio_encode/audio_encode.c"><Option compilerVer="CC"/></Unit>
<Unit filename="../../../../cpu/bd19/audio_encode/audio_encode.h" />
<Unit filename="../../../../cpu/bd19/audio_pwm.c"><Option compilerVer="CC"/></Unit>
<Unit filename="../../../../cpu/bd19/audio_resample_demo.c"><Option compilerVer="CC"/></Unit>
<Unit filename="../../../../cpu/bd19/charge.c"><Option compilerVer="CC"/></Unit>
<Unit filename="../../../../cpu/bd19/chargestore.c"><Option compilerVer="CC"/></Unit>
<Unit filename="../../../../cpu/bd19/handshake_timer.c"><Option compilerVer="CC"/></Unit>
<Unit filename="../../../../cpu/bd19/iic_hw.c"><Option compilerVer="CC"/></Unit>
<Unit filename="../../../../cpu/bd19/iic_soft.c"><Option compilerVer="CC"/></Unit>
<Unit filename="../../../../cpu/bd19/irflt.c"><Option compilerVer="CC"/></Unit>
<Unit filename="../../../../cpu/bd19/ledc.c"><Option compilerVer="CC"/></Unit>
<Unit filename="../../../../cpu/bd19/ledc_test.c"><Option compilerVer="CC"/></Unit>
<Unit filename="../../../../cpu/bd19/mcpwm.c"><Option compilerVer="CC"/></Unit>
<Unit filename="../../../../cpu/bd19/plcnt.c"><Option compilerVer="CC"/></Unit>
<Unit filename="../../../../cpu/bd19/pwm_led.c"><Option compilerVer="CC"/></Unit>
<Unit filename="../../../../cpu/bd19/setup.c"><Option compilerVer="CC"/></Unit>
<Unit filename="../../../../cpu/bd19/spi.c"><Option compilerVer="CC"/></Unit>
<Unit filename="../../../../cpu/bd19/spi_test.c"><Option compilerVer="CC"/></Unit>
<Unit filename="../../../../cpu/bd19/tone_player.c"><Option compilerVer="CC"/></Unit>
<Unit filename="../../../../cpu/bd19/tone_player_api.h" />
<Unit filename="../../../../cpu/bd19/uart_dev.c"><Option compilerVer="CC"/></Unit>
<Unit filename="../../../../include_lib/btctrler/adapter/include/common/sys_timer.h" />
<Unit filename="../../../../include_lib/btctrler/ble/hci_ll.h" />
<Unit filename="../../../../include_lib/btctrler/ble/ll_config.h" />
<Unit filename="../../../../include_lib/btctrler/btcontroller_mode.h" />
<Unit filename="../../../../include_lib/btctrler/btcontroller_modules.h" />
<Unit filename="../../../../include_lib/btctrler/btctrler_task.h" />
<Unit filename="../../../../include_lib/btctrler/classic/hci_lmp.h" />
<Unit filename="../../../../include_lib/btctrler/classic/lmp_config.h" />
<Unit filename="../../../../include_lib/btctrler/classic/tws_api.h" />
<Unit filename="../../../../include_lib/btctrler/classic/tws_data_trans.h" />
<Unit filename="../../../../include_lib/btctrler/classic/tws_event.h" />
<Unit filename="../../../../include_lib/btctrler/classic/tws_local_media_sync.h" />
<Unit filename="../../../../include_lib/btctrler/hci_transport.h" />
<Unit filename="../../../../include_lib/btctrler/port/bd19/btcontroller_config.h" />
<Unit filename="../../../../include_lib/btstack/avctp_user.h" />
<Unit filename="../../../../include_lib/btstack/bluetooth.h" />
<Unit filename="../../../../include_lib/btstack/bt_profile_config.h" />
<Unit filename="../../../../include_lib/btstack/btstack_event.h" />
<Unit filename="../../../../include_lib/btstack/btstack_task.h" />
<Unit filename="../../../../include_lib/btstack/btstack_typedef.h" />
<Unit filename="../../../../include_lib/btstack/le/att.h" />
<Unit filename="../../../../include_lib/btstack/le/ble_api.h" />
<Unit filename="../../../../include_lib/btstack/le/ble_data_types.h" />
<Unit filename="../../../../include_lib/btstack/le/gatt.h" />
<Unit filename="../../../../include_lib/btstack/le/le_common_define.h" />
<Unit filename="../../../../include_lib/btstack/le/le_user.h" />
<Unit filename="../../../../include_lib/btstack/le/sm.h" />
<Unit filename="../../../../include_lib/btstack/third_party/common/ble_config.h" />
<Unit filename="../../../../include_lib/btstack/third_party/common/ble_user.h" />
<Unit filename="../../../../include_lib/btstack/third_party/common/btstack_3th_protocol_user.h" />
<Unit filename="../../../../include_lib/btstack/third_party/common/spp_config.h" />
<Unit filename="../../../../include_lib/btstack/third_party/common/spp_user.h" />
<Unit filename="../../../../include_lib/btstack/third_party/rcsp/JL_rcsp_api.h" />
<Unit filename="../../../../include_lib/btstack/third_party/rcsp/JL_rcsp_packet.h" />
<Unit filename="../../../../include_lib/btstack/third_party/rcsp/JL_rcsp_protocol.h" />
<Unit filename="../../../../include_lib/btstack/third_party/rcsp/attr.h" />
<Unit filename="../../../../include_lib/driver/cpu/bd19/asm/adc_api.h" />
<Unit filename="../../../../include_lib/driver/cpu/bd19/asm/bd19.h" />
<Unit filename="../../../../include_lib/driver/cpu/bd19/asm/cache.h" />
<Unit filename="../../../../include_lib/driver/cpu/bd19/asm/charge.h" />
<Unit filename="../../../../include_lib/driver/cpu/bd19/asm/chargestore.h" />
<Unit filename="../../../../include_lib/driver/cpu/bd19/asm/clock.h" />
<Unit filename="../../../../include_lib/driver/cpu/bd19/asm/clock_hw.h" />
<Unit filename="../../../../include_lib/driver/cpu/bd19/asm/cpu.h" />
<Unit filename="../../../../include_lib/driver/cpu/bd19/asm/crc16.h" />
<Unit filename="../../../../include_lib/driver/cpu/bd19/asm/csfr.h" />
<Unit filename="../../../../include_lib/driver/cpu/bd19/asm/debug.h" />
<Unit filename="../../../../include_lib/driver/cpu/bd19/asm/efuse.h" />
<Unit filename="../../../../include_lib/driver/cpu/bd19/asm/gpio.h" />
<Unit filename="../../../../include_lib/driver/cpu/bd19/asm/hwi.h" />
<Unit filename="../../../../include_lib/driver/cpu/bd19/asm/iic_hw.h" />
<Unit filename="../../../../include_lib/driver/cpu/bd19/asm/iic_soft.h" />
<Unit filename="../../../../include_lib/driver/cpu/bd19/asm/includes.h" />
<Unit filename="../../../../include_lib/driver/cpu/bd19/asm/io_imap.h" />
<Unit filename="../../../../include_lib/driver/cpu/bd19/asm/io_omap.h" />
<Unit filename="../../../../include_lib/driver/cpu/bd19/asm/irflt.h" />
<Unit filename="../../../../include_lib/driver/cpu/bd19/asm/irq.h" />
<Unit filename="../../../../include_lib/driver/cpu/bd19/asm/ledc.h" />
<Unit filename="../../../../include_lib/driver/cpu/bd19/asm/mcpwm.h" />
<Unit filename="../../../../include_lib/driver/cpu/bd19/asm/plcnt.h" />
<Unit filename="../../../../include_lib/driver/cpu/bd19/asm/power/p11.h" />
<Unit filename="../../../../include_lib/driver/cpu/bd19/asm/power/p33.h" />
<Unit filename="../../../../include_lib/driver/cpu/bd19/asm/power_interface.h" />
<Unit filename="../../../../include_lib/driver/cpu/bd19/asm/pwm_led.h" />
<Unit filename="../../../../include_lib/driver/cpu/bd19/asm/rdec.h" />
<Unit filename="../../../../include_lib/driver/cpu/bd19/asm/rtc.h" />
<Unit filename="../../../../include_lib/driver/cpu/bd19/asm/spi.h" />
<Unit filename="../../../../include_lib/driver/cpu/bd19/asm/spiflash.h" />
<Unit filename="../../../../include_lib/driver/cpu/bd19/asm/uart.h" />
<Unit filename="../../../../include_lib/driver/cpu/bd19/asm/uart_dev.h" />
<Unit filename="../../../../include_lib/driver/cpu/bd19/asm/usb.h" />
<Unit filename="../../../../include_lib/driver/cpu/bd19/asm/wdt.h" />
<Unit filename="../../../../include_lib/driver/device/chargebox.h" />
<Unit filename="../../../../include_lib/driver/device/sdio_host_init.h" />
<Unit filename="../../../../include_lib/driver/device/spiflash.h" />
<Unit filename="../../../../include_lib/driver/device/uart.h" />
<Unit filename="../../../../include_lib/driver/device/usb/device/custom_hid.h" />
<Unit filename="../../../../include_lib/driver/device/usb/otg.h" />
<Unit filename="../../../../include_lib/media/audio_def.h" />
<Unit filename="../../../../include_lib/media/audio_stream.h" />
<Unit filename="../../../../include_lib/media/media_new/media/application/eq_func_define.h" />
<Unit filename="../../../../include_lib/media/media_new/media/audio_base.h" />
<Unit filename="../../../../include_lib/media/media_new/media/audio_decoder.h" />
<Unit filename="../../../../include_lib/media/media_new/media/audio_encoder.h" />
<Unit filename="../../../../include_lib/media/media_new/media/automute.h" />
<Unit filename="../../../../include_lib/media/media_new/media/cpu/bd19/asm/anc.h" />
<Unit filename="../../../../include_lib/media/media_new/media/cpu/bd19/asm/audio_adc.h" />
<Unit filename="../../../../include_lib/media/media_new/media/cpu/bd19/asm/audio_linein.h" />
<Unit filename="../../../../include_lib/media/media_new/media/cpu/bd19/asm/audio_src.h" />
<Unit filename="../../../../include_lib/media/media_new/media/cpu/bd19/asm/audio_src_sync.h" />
<Unit filename="../../../../include_lib/media/media_new/media/cpu/bd19/asm/audio_sync_resample.h" />
<Unit filename="../../../../include_lib/media/media_new/media/cpu/bd19/asm/cpu_includes.h" />
<Unit filename="../../../../include_lib/media/media_new/media/cpu/bd19/asm/dac.h" />
<Unit filename="../../../../include_lib/media/media_new/media/cpu/bd19/asm/hw_eq.h" />
<Unit filename="../../../../include_lib/media/media_new/media/cpu/bd19/commproc.h" />
<Unit filename="../../../../include_lib/media/media_new/media/includes.h" />
<Unit filename="../../../../include_lib/media/media_new/media/mixer.h" />
<Unit filename="../../../../include_lib/media/media_new/media/sbc_enc.h" />
<Unit filename="../../../../include_lib/system/app_core.h" />
<Unit filename="../../../../include_lib/system/app_msg.h" />
<Unit filename="../../../../include_lib/system/bank_switch.h" />
<Unit filename="../../../../include_lib/system/config/config_transport.h" />
<Unit filename="../../../../include_lib/system/database.h" />
<Unit filename="../../../../include_lib/system/debug.h" />
<Unit filename="../../../../include_lib/system/device/adkey.h" />
<Unit filename="../../../../include_lib/system/device/device.h" />
<Unit filename="../../../../include_lib/system/device/device_drive.h" />
<Unit filename="../../../../include_lib/system/device/includes.h" />
<Unit filename="../../../../include_lib/system/device/ioctl_cmds.h" />
<Unit filename="../../../../include_lib/system/device/iokey.h" />
<Unit filename="../../../../include_lib/system/device/irkey.h" />
<Unit filename="../../../../include_lib/system/device/key_driver.h" />
<Unit filename="../../../../include_lib/system/device/rdec_key.h" />
<Unit filename="../../../../include_lib/system/device/slidekey.h" />
<Unit filename="../../../../include_lib/system/device/tent600_key.h" />
<Unit filename="../../../../include_lib/system/device/touch_key.h" />
<Unit filename="../../../../include_lib/system/device/vm.h" />
<Unit filename="../../../../include_lib/system/event.h" />
<Unit filename="../../../../include_lib/system/fs/fs.h" />
<Unit filename="../../../../include_lib/system/fs/fs_file_name.h" />
<Unit filename="../../../../include_lib/system/fs/sdfile.h" />
<Unit filename="../../../../include_lib/system/generic/ascii.h" />
<Unit filename="../../../../include_lib/system/generic/atomic.h" />
<Unit filename="../../../../include_lib/system/generic/circular_buf.h" />
<Unit filename="../../../../include_lib/system/generic/cpu.h" />
<Unit filename="../../../../include_lib/system/generic/debug_lite.h" />
<Unit filename="../../../../include_lib/system/generic/errno-base.h" />
<Unit filename="../../../../include_lib/system/generic/gpio.h" />
<Unit filename="../../../../include_lib/system/generic/includes.h" />
<Unit filename="../../../../include_lib/system/generic/index.h" />
<Unit filename="../../../../include_lib/system/generic/ioctl.h" />
<Unit filename="../../../../include_lib/system/generic/irq.h" />
<Unit filename="../../../../include_lib/system/generic/jiffies.h" />
<Unit filename="../../../../include_lib/system/generic/lbuf.h" />
<Unit filename="../../../../include_lib/system/generic/lbuf_lite.h" />
<Unit filename="../../../../include_lib/system/generic/list.h" />
<Unit filename="../../../../include_lib/system/generic/log.h" />
<Unit filename="../../../../include_lib/system/generic/printf.h" />
<Unit filename="../../../../include_lib/system/generic/rect.h" />
<Unit filename="../../../../include_lib/system/generic/typedef.h" />
<Unit filename="../../../../include_lib/system/generic/version.h" />
<Unit filename="../../../../include_lib/system/includes.h" />
<Unit filename="../../../../include_lib/system/init.h" />
<Unit filename="../../../../include_lib/system/malloc.h" />
<Unit filename="../../../../include_lib/system/os/FreeRTOS/FreeRTOS.h" />
<Unit filename="../../../../include_lib/system/os/FreeRTOS/FreeRTOSConfig.h" />
<Unit filename="../../../../include_lib/system/os/FreeRTOS/deprecated_definitions.h" />
<Unit filename="../../../../include_lib/system/os/FreeRTOS/list.h" />
<Unit filename="../../../../include_lib/system/os/FreeRTOS/mpu_wrappers.h" />
<Unit filename="../../../../include_lib/system/os/FreeRTOS/portable.h" />
<Unit filename="../../../../include_lib/system/os/FreeRTOS/projdefs.h" />
<Unit filename="../../../../include_lib/system/os/FreeRTOS/q32s/portmacro.h" />
<Unit filename="../../../../include_lib/system/os/FreeRTOS/queue.h" />
<Unit filename="../../../../include_lib/system/os/FreeRTOS/semphr.h" />
<Unit filename="../../../../include_lib/system/os/FreeRTOS/task.h" />
<Unit filename="../../../../include_lib/system/os/os_api.h" />
<Unit filename="../../../../include_lib/system/os/os_cpu.h" />
<Unit filename="../../../../include_lib/system/os/os_error.h" />
<Unit filename="../../../../include_lib/system/os/os_type.h" />
<Unit filename="../../../../include_lib/system/power_manage.h" />
<Unit filename="../../../../include_lib/system/server/server_core.h" />
<Unit filename="../../../../include_lib/system/spinlock.h" />
<Unit filename="../../../../include_lib/system/sys_time.h" />
<Unit filename="../../../../include_lib/system/syscfg_id.h" />
<Unit filename="../../../../include_lib/system/task.h" />
<Unit filename="../../../../include_lib/system/timer.h" />
<Unit filename="../../../../include_lib/system/user_cfg.h" />
<Unit filename="../../../../include_lib/system/wait.h" />
<Unit filename="../../../../include_lib/update/dual_bank_updata_api.h" />
<Unit filename="../../../../include_lib/update/uart_update.h" />
<Unit filename="../../../../include_lib/update/update.h" />
<Unit filename="../../../../include_lib/update/update_loader_download.h" />
</Project>
</CodeBlocks_project_file>
