<?xml version="1.0" encoding="UTF-8" standalone="yes"?>
<CodeBlocks_project_file>
<FileVersion major="1" minor="6" />
<Project>
<Option title="AC636N_mesh" />
<Option compiler="pi32v2_r3_lto_compiler" />
<Build>
<Target title="Release">
<Option output="../../../../cpu/br25/tools/sdk.elf" prefix_auto="0" extension_auto="0" />
<Option object_output="obj/Release/" />
<Option type="1" />
<Option compiler="pi32v2_r3_lto_compiler" />
<Compiler>
<Add option="-Wuninitialized" />
<Add option="-Wno-invalid-noreturn" />
<Add option="-fno-common" />
<Add option="-integrated-as" />
<Add option="-Oz" />
<Add option="-g" />
<Add option="-flto" />
<Add option="-fallow-pointer-null" />
<Add option="-fprefer-gnu-section" />
<Add option="-Wno-shift-negative-value" />
<Add option="-fms-extensions" />
<Add option="-DSUPPORT_MS_EXTENSIONS" />
<Add option="-DCONFIG_CPU_BR25" />
<Add option="-DCONFIG_PRINT_IN_MASK" />
<Add option="-DCONFIG_RELEASE_ENABLE" />
<Add option="-DCONFIG_EQ_SUPPORT_ASYNC" />
<Add option="-DCONFIG_MIXER_CYCLIC" />
<Add option="-DCONFIG_FREE_RTOS_ENABLE" />
<Add option="-DTCFG_APP_BT_EN=1" />
<Add option="-DUSB_PC_NO_APP_MODE" />
<Add option="-DEVENT_HANDLER_NUM_CONFIG=2" />
<Add option="-DEVENT_TOUCH_ENABLE_CONFIG=0" />
<Add option="-DEVENT_POOL_SIZE_CONFIG=256" />
<Add option="-DCONFIG_EVENT_KEY_MAP_ENABLE=0" />
<Add option="-DTIMER_POOL_NUM_CONFIG=10" />
<Add option="-DAPP_ASYNC_POOL_NUM_CONFIG=0" />
<Add option="-DVFS_ENABLE=1" />
<Add option="-DUSE_SDFILE_NEW=1" />
<Add option="-DVFS_FILE_POOL_NUM_CONFIG=0" />
<Add option="-DSDFILE_VERSION=0x020000" />
<Add option="-DVM_MAX_SIZE_CONFIG=16*1024" />
<Add option="-DVM_ITEM_MAX_NUM=128" />
<Add option="-DCONFIG_TWS_ENABLE" />
<Add option="-DCONFIG_MESH_CASE_ENABLE" />
<Add option="-DCONFIG_LMP_RESET_ENABLE" />
<Add option="-DCONFIG_LMP_REFRESH_ENCRYPTION_KEY_ENABLE" />
<Add option="-DCONFIG_UPDATA_ENABLE" />
<Add option="-DCONFIG_OTA_UPDATA_ENABLE" />
<Add option="-DCONFIG_ITEM_FORMAT_VM" />
<Add option="-DCONFIG_MMU_ENABLE" />
<Add option="-DCONFIG_SBC_CODEC_HW" />
<Add option="-DCONFIG_MSBC_CODEC_HW" />
<Add option="-DCONFIG_AEC_M=256" />
<Add option="-DCONFIG_AUDIO_ONCHIP" />
<Add option="-DCONFIG_MEDIA_DEVELOP_ENABLE" />
<Add option="-D__GCC_PI32V2__" />
<Add option="-DCONFIG_NEW_ECC_ENABLE" />
<Add directory="../../../../include_lib" />
<Add directory="../../../../include_lib/driver" />
<Add directory="../../../../include_lib/driver/device" />
<Add directory="../../../../include_lib/driver/cpu/br25" />
<Add directory="../../../../include_lib/system" />
<Add directory="../../../../include_lib/system/generic" />
<Add directory="../../../../include_lib/system/device" />
<Add directory="../../../../include_lib/system/fs" />
<Add directory="../../../../include_lib/system/ui" />
<Add directory="../../../../include_lib/btctrler" />
<Add directory="../../../../include_lib/btctrler/port/br25" />
<Add directory="../../../../include_lib/update" />
<Add directory="../../../../include_lib/agreement" />
<Add directory="../../../../include_lib/btstack/third_party/common" />
<Add directory="../../../../include_lib/btstack/third_party/rcsp" />
<Add directory="../../../../include_lib/media/media_develop" />
<Add directory="../../../../include_lib/media/media_develop/media" />
<Add directory="../../../../include_lib/media/media_develop/media/cpu/br25" />
<Add directory="../../../../include_lib/media/media_develop/media/cpu/br25/asm" />
<Add directory="../../../../apps/mesh/board/br25" />
<Add directory="../../../../apps/mesh/include" />
<Add directory="../../../../apps/common" />
<Add directory="../../../../apps/common/include" />
<Add directory="../../../../apps/common/config/include" />
<Add directory="../../../../apps/common/third_party_profile/common" />
<Add directory="../../../../include_lib/system/os/FreeRTOS" />
<Add directory="../../../../include_lib/btstack" />
<Add directory="../../../../apps/common/third_party_profile" />
<Add directory="../../../../apps/common/third_party_profile/sig_mesh" />
<Add directory="../../../../apps/common/third_party_profile/sig_mesh/tinycrypt/include" />
<Add directory="../../../../apps/common/third_party_profile/sig_mesh/adaptation" />
<Add directory="../../../../apps/mesh/api" />
</Compiler>
<Linker>
<Add option="--plugin-opt=-pi32v2-always-use-itblock=false" />
<Add option="--plugin-opt=-enable-ipra=true" />
<Add option="--plugin-opt=-pi32v2-merge-max-offset=4096" />
<Add option="--plugin-opt=-pi32v2-enable-simd=true" />
<Add option="--plugin-opt=mcpu=r3" />
<Add option="--plugin-opt=-enable-movable-region=true" />
<Add option="--plugin-opt=-movable-region-section-prefix=movable.slot." />
<Add option="--plugin-opt=-global-merge-on-const" />
<Add option="--plugin-opt=-inline-threshold=10" />
<Add option="--plugin-opt=-inline-normal-into-special-section=true" />
<Add option="--plugin-opt=-dont-used-symbol-list=malloc,free,sprintf,printf,puts,putchar" />
<Add option="--plugin-opt=save-temps" />
<Add option="--plugin-opt=-pi32v2-enable-rep-memop" />
<Add option="--sort-common" />
<Add option="--dont-complain-call-overflow" />
<Add option="--plugin-opt=-used-symbol-file=../../../../cpu/br25/sdk_used_list.used" />
<Add option="--gc-sections" />
<Add option="--start-group" />
<Add option="../../../../include_lib/liba/br25/cpu.a" />
<Add option="../../../../include_lib/liba/br25/system.a" />
<Add option="../../../../include_lib/liba/br25/btstack.a" />
<Add option="../../../../include_lib/liba/br25/btctrler.a" />
<Add option="../../../../include_lib/liba/br25/crypto_toolbox_Osize.a" />
<Add option="../../../../include_lib/liba/br25/agreement.a" />
<Add option="../../../../include_lib/liba/br25/rcsp_stack.a" />
<Add option="--end-group" />
<Add option="../../../../include_lib/liba/br25/update.a" />
<Add option="-T../../../../cpu/br25/sdk.ld" />
<Add option="-M=../../../../cpu/br25/tools/sdk.map" />
<Add library="C:\JL\pi32\pi32v2-lib\r3\libm.a" />
</Linker>
<ExtraCommands>
<Add before="$compiler $options $includes -D__LD__ -E -P ..\..\..\..\cpu\br25\sdk_used_list.c -o ..\..\..\..\cpu\br25\sdk_used_list.used" />
<Add before="$compiler $options $includes -D__LD__ -E -P ..\..\..\..\cpu\br25\sdk_ld.c -o ..\..\..\..\cpu\br25\sdk.ld" />
<Add before="$compiler $options $includes -D__LD__ -E -P ..\..\..\..\cpu\br25\tools\download.c -o ..\..\..\..\cpu\br25\tools\download.bat" />
<Mode before="always" />
<Add after="..\..\..\..\cpu\br25\tools\download.bat sdk" />
<Mode after="always" />
</ExtraCommands>
</Target>
</Build>
<Unit filename="../../../../apps/common/config/include/bt_profile_cfg.h" />
<Unit filename="../../../../apps/common/debug/debug.c"><Option compilerVer="CC"/></Unit>
<Unit filename="../../../../apps/common/include/bt_common.h" />
<Unit filename="../../../../apps/common/include/update_tws.h" />
<Unit filename="../../../../apps/common/key/adkey.c"><Option compilerVer="CC"/></Unit>
<Unit filename="../../../../apps/common/key/iokey.c"><Option compilerVer="CC"/></Unit>
<Unit filename="../../../../apps/common/key/key_driver.c"><Option compilerVer="CC"/></Unit>
<Unit filename="../../../../apps/common/third_party_profile/common/custom_cfg.h" />
<Unit filename="../../../../apps/common/third_party_profile/sig_mesh/access.c"><Option compilerVer="CC"/></Unit>
<Unit filename="../../../../apps/common/third_party_profile/sig_mesh/access.h" />
<Unit filename="../../../../apps/common/third_party_profile/sig_mesh/adaptation/adaptation.h" />
<Unit filename="../../../../apps/common/third_party_profile/sig_mesh/adaptation/ble_core/adv_core.c"><Option compilerVer="CC"/></Unit>
<Unit filename="../../../../apps/common/third_party_profile/sig_mesh/adaptation/ble_core/gatt_core.c"><Option compilerVer="CC"/></Unit>
<Unit filename="../../../../apps/common/third_party_profile/sig_mesh/adaptation/ble_core/hci_core.c"><Option compilerVer="CC"/></Unit>
<Unit filename="../../../../apps/common/third_party_profile/sig_mesh/adaptation/ble_core/scan_core.c"><Option compilerVer="CC"/></Unit>
<Unit filename="../../../../apps/common/third_party_profile/sig_mesh/adaptation/kernel/atomic_c.c"><Option compilerVer="CC"/></Unit>
<Unit filename="../../../../apps/common/third_party_profile/sig_mesh/adaptation/kernel/atomic_h.h" />
<Unit filename="../../../../apps/common/third_party_profile/sig_mesh/adaptation/kernel/kernel_work.c"><Option compilerVer="CC"/></Unit>
<Unit filename="../../../../apps/common/third_party_profile/sig_mesh/adaptation/mesh_log.h" />
<Unit filename="../../../../apps/common/third_party_profile/sig_mesh/adaptation/misc/byteorder.h" />
<Unit filename="../../../../apps/common/third_party_profile/sig_mesh/adaptation/misc/list_gen.h" />
<Unit filename="../../../../apps/common/third_party_profile/sig_mesh/adaptation/misc/slist.h" />
<Unit filename="../../../../apps/common/third_party_profile/sig_mesh/adaptation/storage.c"><Option compilerVer="CC"/></Unit>
<Unit filename="../../../../apps/common/third_party_profile/sig_mesh/adaptation/utils.c"><Option compilerVer="CC"/></Unit>
<Unit filename="../../../../apps/common/third_party_profile/sig_mesh/adv.c"><Option compilerVer="CC"/></Unit>
<Unit filename="../../../../apps/common/third_party_profile/sig_mesh/adv.h" />
<Unit filename="../../../../apps/common/third_party_profile/sig_mesh/api/access.h" />
<Unit filename="../../../../apps/common/third_party_profile/sig_mesh/api/basic_depend.h" />
<Unit filename="../../../../apps/common/third_party_profile/sig_mesh/api/cdb.h" />
<Unit filename="../../../../apps/common/third_party_profile/sig_mesh/api/cfg_cli.h" />
<Unit filename="../../../../apps/common/third_party_profile/sig_mesh/api/cfg_srv.h" />
<Unit filename="../../../../apps/common/third_party_profile/sig_mesh/api/health_cli.h" />
<Unit filename="../../../../apps/common/third_party_profile/sig_mesh/api/health_srv.h" />
<Unit filename="../../../../apps/common/third_party_profile/sig_mesh/api/main.h" />
<Unit filename="../../../../apps/common/third_party_profile/sig_mesh/api/mesh_config.h" />
<Unit filename="../../../../apps/common/third_party_profile/sig_mesh/api/proxy.h" />
<Unit filename="../../../../apps/common/third_party_profile/sig_mesh/api/sig_mesh_api.c"><Option compilerVer="CC"/></Unit>
<Unit filename="../../../../apps/common/third_party_profile/sig_mesh/api/sig_mesh_api.h" />
<Unit filename="../../../../apps/common/third_party_profile/sig_mesh/beacon.c"><Option compilerVer="CC"/></Unit>
<Unit filename="../../../../apps/common/third_party_profile/sig_mesh/beacon.h" />
<Unit filename="../../../../apps/common/third_party_profile/sig_mesh/cdb.c"><Option compilerVer="CC"/></Unit>
<Unit filename="../../../../apps/common/third_party_profile/sig_mesh/cfg_cli.c"><Option compilerVer="CC"/></Unit>
<Unit filename="../../../../apps/common/third_party_profile/sig_mesh/cfg_srv.c"><Option compilerVer="CC"/></Unit>
<Unit filename="../../../../apps/common/third_party_profile/sig_mesh/crypto.c"><Option compilerVer="CC"/></Unit>
<Unit filename="../../../../apps/common/third_party_profile/sig_mesh/crypto.h" />
<Unit filename="../../../../apps/common/third_party_profile/sig_mesh/foundation.h" />
<Unit filename="../../../../apps/common/third_party_profile/sig_mesh/friend.c"><Option compilerVer="CC"/></Unit>
<Unit filename="../../../../apps/common/third_party_profile/sig_mesh/friend.h" />
<Unit filename="../../../../apps/common/third_party_profile/sig_mesh/health_cli.c"><Option compilerVer="CC"/></Unit>
<Unit filename="../../../../apps/common/third_party_profile/sig_mesh/health_srv.c"><Option compilerVer="CC"/></Unit>
<Unit filename="../../../../apps/common/third_party_profile/sig_mesh/lpn.c"><Option compilerVer="CC"/></Unit>
<Unit filename="../../../../apps/common/third_party_profile/sig_mesh/lpn.h" />
<Unit filename="../../../../apps/common/third_party_profile/sig_mesh/main.c"><Option compilerVer="CC"/></Unit>
<Unit filename="../../../../apps/common/third_party_profile/sig_mesh/mesh.h" />
<Unit filename="../../../../apps/common/third_party_profile/sig_mesh/net.c"><Option compilerVer="CC"/></Unit>
<Unit filename="../../../../apps/common/third_party_profile/sig_mesh/net.h" />
<Unit filename="../../../../apps/common/third_party_profile/sig_mesh/net/buf.c"><Option compilerVer="CC"/></Unit>
<Unit filename="../../../../apps/common/third_party_profile/sig_mesh/net/buf.h" />
<Unit filename="../../../../apps/common/third_party_profile/sig_mesh/prov.c"><Option compilerVer="CC"/></Unit>
<Unit filename="../../../../apps/common/third_party_profile/sig_mesh/prov.h" />
<Unit filename="../../../../apps/common/third_party_profile/sig_mesh/proxy.c"><Option compilerVer="CC"/></Unit>
<Unit filename="../../../../apps/common/third_party_profile/sig_mesh/proxy.h" />
<Unit filename="../../../../apps/common/third_party_profile/sig_mesh/settings.c"><Option compilerVer="CC"/></Unit>
<Unit filename="../../../../apps/common/third_party_profile/sig_mesh/settings.h" />
<Unit filename="../../../../apps/common/third_party_profile/sig_mesh/tinycrypt/include/tinycrypt/aes.h" />
<Unit filename="../../../../apps/common/third_party_profile/sig_mesh/tinycrypt/include/tinycrypt/ccm_mode.h" />
<Unit filename="../../../../apps/common/third_party_profile/sig_mesh/tinycrypt/include/tinycrypt/cmac_mode.h" />
<Unit filename="../../../../apps/common/third_party_profile/sig_mesh/tinycrypt/include/tinycrypt/constants.h" />
<Unit filename="../../../../apps/common/third_party_profile/sig_mesh/tinycrypt/include/tinycrypt/utils.h" />
<Unit filename="../../../../apps/common/third_party_profile/sig_mesh/tinycrypt/source/aes_encrypt.c"><Option compilerVer="CC"/></Unit>
<Unit filename="../../../../apps/common/third_party_profile/sig_mesh/tinycrypt/source/cmac_mode.c"><Option compilerVer="CC"/></Unit>
<Unit filename="../../../../apps/common/third_party_profile/sig_mesh/tinycrypt/source/utils.c"><Option compilerVer="CC"/></Unit>
<Unit filename="../../../../apps/common/third_party_profile/sig_mesh/transport.c"><Option compilerVer="CC"/></Unit>
<Unit filename="../../../../apps/common/third_party_profile/sig_mesh/transport.h" />
<Unit filename="../../../../apps/common/update/update.c"><Option compilerVer="CC"/></Unit>
<Unit filename="../../../../apps/mesh/api/feature_correct.h" />
<Unit filename="../../../../apps/mesh/api/mesh_config_common.c"><Option compilerVer="CC"/></Unit>
<Unit filename="../../../../apps/mesh/api/model_api.c"><Option compilerVer="CC"/></Unit>
<Unit filename="../../../../apps/mesh/api/model_api.h" />
<Unit filename="../../../../apps/mesh/api/unix_timestamp.c"><Option compilerVer="CC"/></Unit>
<Unit filename="../../../../apps/mesh/api/unix_timestamp.h" />
<Unit filename="../../../../apps/mesh/app_idle.c"><Option compilerVer="CC"/></Unit>
<Unit filename="../../../../apps/mesh/app_main.c"><Option compilerVer="CC"/></Unit>
<Unit filename="../../../../apps/mesh/app_mesh.c"><Option compilerVer="CC"/></Unit>
<Unit filename="../../../../apps/mesh/board/br25/board_ac636n_demo.c"><Option compilerVer="CC"/></Unit>
<Unit filename="../../../../apps/mesh/board/br25/board_ac636n_demo_cfg.h" />
<Unit filename="../../../../apps/mesh/board/br25/board_config.h" />
<Unit filename="../../../../apps/mesh/examples/AliGenie_socket.c"><Option compilerVer="CC"/></Unit>
<Unit filename="../../../../apps/mesh/examples/generic_onoff_client.c"><Option compilerVer="CC"/></Unit>
<Unit filename="../../../../apps/mesh/examples/generic_onoff_server.c"><Option compilerVer="CC"/></Unit>
<Unit filename="../../../../apps/mesh/examples/vendor_client.c"><Option compilerVer="CC"/></Unit>
<Unit filename="../../../../apps/mesh/examples/vendor_server.c"><Option compilerVer="CC"/></Unit>
<Unit filename="../../../../apps/mesh/include/app_action.h" />
<Unit filename="../../../../apps/mesh/include/app_config.h" />
<Unit filename="../../../../apps/mesh/include/app_main.h" />
<Unit filename="../../../../apps/mesh/include/user_cfg_id.h" />
<Unit filename="../../../../apps/mesh/lib_config/lib_btctrler_config.c"><Option compilerVer="CC"/></Unit>
<Unit filename="../../../../apps/mesh/lib_config/lib_btstack_config.c"><Option compilerVer="CC"/></Unit>
<Unit filename="../../../../apps/mesh/lib_config/lib_driver_config.c"><Option compilerVer="CC"/></Unit>
<Unit filename="../../../../apps/mesh/lib_config/lib_profile_config.c"><Option compilerVer="CC"/></Unit>
<Unit filename="../../../../apps/mesh/lib_config/lib_system_config.c"><Option compilerVer="CC"/></Unit>
<Unit filename="../../../../apps/mesh/lib_config/lib_update_config.c"><Option compilerVer="CC"/></Unit>
<Unit filename="../../../../apps/mesh/log_config.c"><Option compilerVer="CC"/></Unit>
<Unit filename="../../../../apps/mesh/user_cfg.c"><Option compilerVer="CC"/></Unit>
<Unit filename="../../../../apps/mesh/version.c"><Option compilerVer="CC"/></Unit>
<Unit filename="../../../../cpu/br25/adc_api.c"><Option compilerVer="CC"/></Unit>
<Unit filename="../../../../cpu/br25/charge.c"><Option compilerVer="CC"/></Unit>
<Unit filename="../../../../cpu/br25/chargebox_hw.c"><Option compilerVer="CC"/></Unit>
<Unit filename="../../../../cpu/br25/chargestore.c"><Option compilerVer="CC"/></Unit>
<Unit filename="../../../../cpu/br25/iic_hw.c"><Option compilerVer="CC"/></Unit>
<Unit filename="../../../../cpu/br25/iic_soft.c"><Option compilerVer="CC"/></Unit>
<Unit filename="../../../../cpu/br25/led_spi.c"><Option compilerVer="CC"/></Unit>
<Unit filename="../../../../cpu/br25/mcpwm.c"><Option compilerVer="CC"/></Unit>
<Unit filename="../../../../cpu/br25/port_wkup.c"><Option compilerVer="CC"/></Unit>
<Unit filename="../../../../cpu/br25/pwm_led.c"><Option compilerVer="CC"/></Unit>
<Unit filename="../../../../cpu/br25/setup.c"><Option compilerVer="CC"/></Unit>
<Unit filename="../../../../cpu/br25/spi.c"><Option compilerVer="CC"/></Unit>
<Unit filename="../../../../cpu/br25/uart_dev.c"><Option compilerVer="CC"/></Unit>
<Unit filename="../../../../cpu/br25/ui_driver/LED_1888/LED1888.c"><Option compilerVer="CC"/></Unit>
<Unit filename="../../../../cpu/br25/ui_driver/lcd_seg/lcd_seg3x9_driver.c"><Option compilerVer="CC"/></Unit>
<Unit filename="../../../../cpu/br25/ui_driver/led7/led7_driver.c"><Option compilerVer="CC"/></Unit>
<Unit filename="../../../../cpu/br25/ui_driver/led7_timer.c"><Option compilerVer="CC"/></Unit>
<Unit filename="../../../../cpu/br25/ui_driver/ui_common.c"><Option compilerVer="CC"/></Unit>
<Unit filename="../../../../cpu/br25/usb_key.c"><Option compilerVer="CC"/></Unit>
<Unit filename="../../../../include_lib/btctrler/adapter/include/common/sys_timer.h" />
<Unit filename="../../../../include_lib/btctrler/ble/hci_ll.h" />
<Unit filename="../../../../include_lib/btctrler/ble/ll_config.h" />
<Unit filename="../../../../include_lib/btctrler/btcontroller_mode.h" />
<Unit filename="../../../../include_lib/btctrler/btcontroller_modules.h" />
<Unit filename="../../../../include_lib/btctrler/btctrler_task.h" />
<Unit filename="../../../../include_lib/btctrler/classic/hci_lmp.h" />
<Unit filename="../../../../include_lib/btctrler/classic/lmp_config.h" />
<Unit filename="../../../../include_lib/btctrler/hci_transport.h" />
<Unit filename="../../../../include_lib/btctrler/port/br25/btcontroller_config.h" />
<Unit filename="../../../../include_lib/btstack/avctp_user.h" />
<Unit filename="../../../../include_lib/btstack/bluetooth.h" />
<Unit filename="../../../../include_lib/btstack/bt_profile_config.h" />
<Unit filename="../../../../include_lib/btstack/btstack_event.h" />
<Unit filename="../../../../include_lib/btstack/btstack_task.h" />
<Unit filename="../../../../include_lib/btstack/btstack_typedef.h" />
<Unit filename="../../../../include_lib/btstack/frame_queque.h" />
<Unit filename="../../../../include_lib/btstack/le/att.h" />
<Unit filename="../../../../include_lib/btstack/le/ble_api.h" />
<Unit filename="../../../../include_lib/btstack/le/ble_data_types.h" />
<Unit filename="../../../../include_lib/btstack/le/gatt.h" />
<Unit filename="../../../../include_lib/btstack/le/le_user.h" />
<Unit filename="../../../../include_lib/btstack/le/sm.h" />
<Unit filename="../../../../include_lib/btstack/third_party/baidu/dma_protobuf.h" />
<Unit filename="../../../../include_lib/btstack/third_party/baidu/dueros_dma.h" />
<Unit filename="../../../../include_lib/btstack/third_party/baidu/dueros_dma_pb.h" />
<Unit filename="../../../../include_lib/btstack/third_party/baidu/dueros_platform.h" />
<Unit filename="../../../../include_lib/driver/cpu/br25/asm/adc_api.h" />
<Unit filename="../../../../include_lib/driver/cpu/br25/asm/br25.h" />
<Unit filename="../../../../include_lib/driver/cpu/br25/asm/charge.h" />
<Unit filename="../../../../include_lib/driver/cpu/br25/asm/chargestore.h" />
<Unit filename="../../../../include_lib/driver/cpu/br25/asm/clock.h" />
<Unit filename="../../../../include_lib/driver/cpu/br25/asm/clock_define.h" />
<Unit filename="../../../../include_lib/driver/cpu/br25/asm/clock_hw.h" />
<Unit filename="../../../../include_lib/driver/cpu/br25/asm/cpu.h" />
<Unit filename="../../../../include_lib/driver/cpu/br25/asm/crc16.h" />
<Unit filename="../../../../include_lib/driver/cpu/br25/asm/csfr.h" />
<Unit filename="../../../../include_lib/driver/cpu/br25/asm/debug.h" />
<Unit filename="../../../../include_lib/driver/cpu/br25/asm/efuse.h" />
<Unit filename="../../../../include_lib/driver/cpu/br25/asm/gpio.h" />
<Unit filename="../../../../include_lib/driver/cpu/br25/asm/hwi.h" />
<Unit filename="../../../../include_lib/driver/cpu/br25/asm/iic_hw.h" />
<Unit filename="../../../../include_lib/driver/cpu/br25/asm/iic_soft.h" />
<Unit filename="../../../../include_lib/driver/cpu/br25/asm/includes.h" />
<Unit filename="../../../../include_lib/driver/cpu/br25/asm/irq.h" />
<Unit filename="../../../../include_lib/driver/cpu/br25/asm/mcpwm.h" />
<Unit filename="../../../../include_lib/driver/cpu/br25/asm/plcnt.h" />
<Unit filename="../../../../include_lib/driver/cpu/br25/asm/power/p33.h" />
<Unit filename="../../../../include_lib/driver/cpu/br25/asm/power_interface.h" />
<Unit filename="../../../../include_lib/driver/cpu/br25/asm/pwm_led.h" />
<Unit filename="../../../../include_lib/driver/cpu/br25/asm/rdec.h" />
<Unit filename="../../../../include_lib/driver/cpu/br25/asm/spi.h" />
<Unit filename="../../../../include_lib/driver/cpu/br25/asm/spiflash.h" />
<Unit filename="../../../../include_lib/driver/cpu/br25/asm/timer.h" />
<Unit filename="../../../../include_lib/driver/cpu/br25/asm/uart.h" />
<Unit filename="../../../../include_lib/driver/cpu/br25/asm/uart_dev.h" />
<Unit filename="../../../../include_lib/driver/cpu/br25/asm/wdt.h" />
<Unit filename="../../../../include_lib/driver/device/chargebox.h" />
<Unit filename="../../../../include_lib/driver/device/sdio_host_init.h" />
<Unit filename="../../../../include_lib/driver/device/spiflash.h" />
<Unit filename="../../../../include_lib/driver/device/uart.h" />
<Unit filename="../../../../include_lib/system/app_core.h" />
<Unit filename="../../../../include_lib/system/app_msg.h" />
<Unit filename="../../../../include_lib/system/bank_switch.h" />
<Unit filename="../../../../include_lib/system/config/config_transport.h" />
<Unit filename="../../../../include_lib/system/crypto_toolbox/Crypto_hash.h" />
<Unit filename="../../../../include_lib/system/crypto_toolbox/aes_cmac.h" />
<Unit filename="../../../../include_lib/system/crypto_toolbox/bigint.h" />
<Unit filename="../../../../include_lib/system/crypto_toolbox/bigint_impl.h" />
<Unit filename="../../../../include_lib/system/crypto_toolbox/crypto.h" />
<Unit filename="../../../../include_lib/system/crypto_toolbox/ecdh.h" />
<Unit filename="../../../../include_lib/system/crypto_toolbox/endian.h" />
<Unit filename="../../../../include_lib/system/crypto_toolbox/hmac.h" />
<Unit filename="../../../../include_lib/system/crypto_toolbox/micro-ecc/uECC_new.h" />
<Unit filename="../../../../include_lib/system/crypto_toolbox/rijndael.h" />
<Unit filename="../../../../include_lib/system/crypto_toolbox/sha256.h" />
<Unit filename="../../../../include_lib/system/database.h" />
<Unit filename="../../../../include_lib/system/debug.h" />
<Unit filename="../../../../include_lib/system/device/adkey.h" />
<Unit filename="../../../../include_lib/system/device/device.h" />
<Unit filename="../../../../include_lib/system/device/includes.h" />
<Unit filename="../../../../include_lib/system/device/ioctl_cmds.h" />
<Unit filename="../../../../include_lib/system/device/iokey.h" />
<Unit filename="../../../../include_lib/system/device/irkey.h" />
<Unit filename="../../../../include_lib/system/device/key_driver.h" />
<Unit filename="../../../../include_lib/system/device/rdec_key.h" />
<Unit filename="../../../../include_lib/system/device/slidekey.h" />
<Unit filename="../../../../include_lib/system/device/touch_key.h" />
<Unit filename="../../../../include_lib/system/device/vm.h" />
<Unit filename="../../../../include_lib/system/event.h" />
<Unit filename="../../../../include_lib/system/fs/fs.h" />
<Unit filename="../../../../include_lib/system/fs/fs_file_name.h" />
<Unit filename="../../../../include_lib/system/fs/sdfile.h" />
<Unit filename="../../../../include_lib/system/generic/ascii.h" />
<Unit filename="../../../../include_lib/system/generic/atomic.h" />
<Unit filename="../../../../include_lib/system/generic/circular_buf.h" />
<Unit filename="../../../../include_lib/system/generic/cpu.h" />
<Unit filename="../../../../include_lib/system/generic/debug_lite.h" />
<Unit filename="../../../../include_lib/system/generic/errno-base.h" />
<Unit filename="../../../../include_lib/system/generic/gpio.h" />
<Unit filename="../../../../include_lib/system/generic/includes.h" />
<Unit filename="../../../../include_lib/system/generic/index.h" />
<Unit filename="../../../../include_lib/system/generic/ioctl.h" />
<Unit filename="../../../../include_lib/system/generic/irq.h" />
<Unit filename="../../../../include_lib/system/generic/jiffies.h" />
<Unit filename="../../../../include_lib/system/generic/lbuf.h" />
<Unit filename="../../../../include_lib/system/generic/lbuf_lite.h" />
<Unit filename="../../../../include_lib/system/generic/list.h" />
<Unit filename="../../../../include_lib/system/generic/log.h" />
<Unit filename="../../../../include_lib/system/generic/printf.h" />
<Unit filename="../../../../include_lib/system/generic/rect.h" />
<Unit filename="../../../../include_lib/system/generic/typedef.h" />
<Unit filename="../../../../include_lib/system/generic/version.h" />
<Unit filename="../../../../include_lib/system/includes.h" />
<Unit filename="../../../../include_lib/system/init.h" />
<Unit filename="../../../../include_lib/system/malloc.h" />
<Unit filename="../../../../include_lib/system/os/FreeRTOS/FreeRTOS.h" />
<Unit filename="../../../../include_lib/system/os/FreeRTOS/FreeRTOSConfig.h" />
<Unit filename="../../../../include_lib/system/os/FreeRTOS/deprecated_definitions.h" />
<Unit filename="../../../../include_lib/system/os/FreeRTOS/list.h" />
<Unit filename="../../../../include_lib/system/os/FreeRTOS/mpu_wrappers.h" />
<Unit filename="../../../../include_lib/system/os/FreeRTOS/pi32v2/portmacro.h" />
<Unit filename="../../../../include_lib/system/os/FreeRTOS/portable.h" />
<Unit filename="../../../../include_lib/system/os/FreeRTOS/projdefs.h" />
<Unit filename="../../../../include_lib/system/os/FreeRTOS/queue.h" />
<Unit filename="../../../../include_lib/system/os/FreeRTOS/semphr.h" />
<Unit filename="../../../../include_lib/system/os/FreeRTOS/task.h" />
<Unit filename="../../../../include_lib/system/os/os_api.h" />
<Unit filename="../../../../include_lib/system/os/os_cpu.h" />
<Unit filename="../../../../include_lib/system/os/os_error.h" />
<Unit filename="../../../../include_lib/system/os/os_type.h" />
<Unit filename="../../../../include_lib/system/power_manage.h" />
<Unit filename="../../../../include_lib/system/server/server_core.h" />
<Unit filename="../../../../include_lib/system/spinlock.h" />
<Unit filename="../../../../include_lib/system/sys_time.h" />
<Unit filename="../../../../include_lib/system/syscfg_id.h" />
<Unit filename="../../../../include_lib/system/task.h" />
<Unit filename="../../../../include_lib/system/timer.h" />
<Unit filename="../../../../include_lib/system/user_cfg.h" />
<Unit filename="../../../../include_lib/system/wait.h" />
<Unit filename="../../../../include_lib/update/uart_update.h" />
<Unit filename="../../../../include_lib/update/update.h" />
<Unit filename="../../../../include_lib/update/update_loader_download.h" />
</Project>
</CodeBlocks_project_file>
