<?xml version="1.0" encoding="UTF-8" standalone="yes"?>
<CodeBlocks_project_file>
<FileVersion major="1" minor="6" />
<Project>
<Option title="AC631X_spp_and_le" />
<Option compiler="q32s_lto_compiler" />
<Build>
<Target title="Release">
<Option output="../../../../cpu/bd29/tools/sdk.elf" prefix_auto="0" extension_auto="0" />
<Option object_output="obj/Release/" />
<Option type="1" />
<Option compiler="q32s_lto_compiler" />
<Compiler>
<Add option="-integrated-as" />
<Add option="-g" />
<Add option="-O0" />
<Add option="-flto" />
<Add option="-Os" />
<Add option="-Wcast-align" />
<Add option="-w" />
<Add option="-fallow-pointer-null" />
<Add option="-Wincompatible-pointer-types" />
<Add option="-fprefer-gnu-section" />
<Add option="-fms-extensions" />
<Add option="-DSUPPORT_MS_EXTENSIONS" />
<Add option="-DCONFIG_CPU_BD29" />
<Add option="-DCONFIG_RELEASE_ENABLE" />
<Add option="-DCONFIG_FREE_RTOS_ENABLE" />
<Add option="-DTCFG_APP_BT_EN=1" />
<Add option="-DUSB_PC_NO_APP_MODE" />
<Add option="-DEVENT_HANDLER_NUM_CONFIG=2" />
<Add option="-DEVENT_TOUCH_ENABLE_CONFIG=0" />
<Add option="-DEVENT_POOL_SIZE_CONFIG=256" />
<Add option="-DCONFIG_EVENT_KEY_MAP_ENABLE=0" />
<Add option="-DTIMER_POOL_NUM_CONFIG=10" />
<Add option="-DAPP_ASYNC_POOL_NUM_CONFIG=0" />
<Add option="-DVFS_ENABLE=1" />
<Add option="-DUSE_SDFILE_NEW=1" />
<Add option="-DVFS_FILE_POOL_NUM_CONFIG=0" />
<Add option="-DSDFILE_VERSION=0x020000" />
<Add option="-DVM_MAX_SIZE_CONFIG=16*1024" />
<Add option="-DVM_ITEM_MAX_NUM=128" />
<Add option="-DCONFIG_TWS_ENABLE" />
<Add option="-DCONFIG_SPP_AND_LE_CASE_ENABLE" />
<Add option="-DCONFIG_LMP_RESET_ENABLE" />
<Add option="-DCONFIG_LMP_REFRESH_ENCRYPTION_KEY_ENABLE" />
<Add option="-DCONFIG_UPDATA_ENABLE" />
<Add option="-DCONFIG_OTA_UPDATA_ENABLE" />
<Add option="-DCONFIG_ITEM_FORMAT_VM" />
<Add option="-DCONFIG_MMU_ENABLE" />
<Add option="-D__GCC_Q32S__" />
<Add option="-DCONFIG_NEW_ECC_ENABLE" />
<Add directory="../../../../include_lib" />
<Add directory="../../../../include_lib/driver" />
<Add directory="../../../../include_lib/driver/device" />
<Add directory="../../../../include_lib/driver/cpu/bd29" />
<Add directory="../../../../include_lib/system" />
<Add directory="../../../../include_lib/system/generic" />
<Add directory="../../../../include_lib/system/device" />
<Add directory="../../../../include_lib/system/fs" />
<Add directory="../../../../include_lib/system/ui" />
<Add directory="../../../../include_lib/btctrler" />
<Add directory="../../../../include_lib/btctrler/port/bd29" />
<Add directory="../../../../include_lib/update" />
<Add directory="../../../../include_lib/agreement" />
<Add directory="../../../../include_lib/btstack/third_party/common" />
<Add directory="../../../../include_lib/btstack/third_party/rcsp" />
<Add directory="../../../../include_lib/media/media_origin" />
<Add directory="../../../../include_lib/media/media_origin/media" />
<Add directory="../../../../include_lib/media/media_origin/media/cpu/bd29" />
<Add directory="../../../../include_lib/media/media_origin/media/cpu/bd29/asm" />
<Add directory="../../../../include_lib/media/media_origin/media/aec" />
<Add directory="../../../../apps/spp_and_le/include" />
<Add directory="../../../../apps/spp_and_le/board/bd29" />
<Add directory="../../../../apps/common" />
<Add directory="../../../../apps/common/include" />
<Add directory="../../../../apps/common/power_manage" />
<Add directory="../../../../cpu/bd29" />
<Add directory="../../../../apps/common/third_party_profile/jieli" />
<Add directory="../../../../apps/common/third_party_profile/jieli/trans_data_demo" />
<Add directory="../../../../apps/common/third_party_profile/jieli/JL_rcsp" />
<Add directory="../../../../apps/common/third_party_profile/common" />
<Add directory="../../../../include_lib/ai_stack/JL_rcsp" />
<Add directory="../../../../include_lib/btstack" />
<Add directory="../../../../apps/common/third_party_profile/jieli/JL_rcsp/bt_trans_data" />
<Add directory="../../../../apps/common/third_party_profile/jieli/JL_rcsp/rcsp_updata" />
<Add directory="../../../../apps/common/usb" />
<Add directory="../../../../apps/common/usb/device" />
<Add directory="../../../../apps/common/usb/host" />
</Compiler>
<Linker>
<Add option="--plugin-opt=-inline-threshold=5" />
<Add option="--plugin-opt=save-temps" />
<Add option="--plugin-opt=-inline-normal-into-special-section=true" />
<Add option="--plugin-opt=-dont-used-symbol-list=malloc,free,sprintf,printf,puts,putchar" />
<Add option="--sort-common" />
<Add option="--dont-complain-call-overflow" />
<Add option="--start-group" />
<Add option="../../../../include_lib/liba/bd29/cpu.a" />
<Add option="../../../../include_lib/liba/bd29/system.a" />
<Add option="../../../../include_lib/liba/bd29/btctrler.a" />
<Add option="../../../../include_lib/liba/bd29/btstack.a" />
<Add option="../../../../include_lib/liba/bd29/update.a" />
<Add option="../../../../include_lib/liba/bd29/crypto_toolbox_Osize.a" />
<Add option="../../../../include_lib/liba/bd29/rcsp_stack.a" />
<Add option="../../../../include_lib/liba/bd29/agreement.a" />
<Add option="--end-group" />
<Add option="-T../../../../cpu/bd29/sdk.ld" />
<Add option="-M=../../../../cpu/bd29/tools/sdk.map" />
<Add library="C:\JL\pi32\q32s-lib\libm.a" />
</Linker>
<ExtraCommands>
<Add before="$compiler $options $includes -D__LD__ -E -P ..\..\..\..\cpu\bd29\sdk_used_list.c -o ..\..\..\..\cpu\bd29\sdk_used_list.used" />
<Add before="$compiler $options $includes -D__LD__ -E -P ..\..\..\..\cpu\bd29\sdk_ld.c -o ..\..\..\..\cpu\bd29\sdk.ld" />
<Add before="$compiler $options $includes -D__LD__ -E -P ..\..\..\..\cpu\bd29\tools\download.c -o ..\..\..\..\cpu\bd29\tools\download.bat" />
<Mode before="always" />
<Add after="..\..\..\..\cpu\bd29\tools\download.bat sdk" />
<Mode after="always" />
</ExtraCommands>
</Target>
</Build>
<Unit filename="../../../../apps/common/bt_common/bt_test_api.c"><Option compilerVer="CC"/></Unit>
<Unit filename="../../../../apps/common/debug/debug.c"><Option compilerVer="CC"/></Unit>
<Unit filename="../../../../apps/common/device/norflash/norflash.c"><Option compilerVer="CC"/></Unit>
<Unit filename="../../../../apps/common/include/bt_common.h" />
<Unit filename="../../../../apps/common/include/norflash.h" />
<Unit filename="../../../../apps/common/include/update_tws.h" />
<Unit filename="../../../../apps/common/key/adkey.c"><Option compilerVer="CC"/></Unit>
<Unit filename="../../../../apps/common/key/iokey.c"><Option compilerVer="CC"/></Unit>
<Unit filename="../../../../apps/common/key/key_driver.c"><Option compilerVer="CC"/></Unit>
<Unit filename="../../../../apps/common/third_party_profile/common/3th_profile_api.h" />
<Unit filename="../../../../apps/common/third_party_profile/common/custom_cfg.c"><Option compilerVer="CC"/></Unit>
<Unit filename="../../../../apps/common/third_party_profile/common/custom_cfg.h" />
<Unit filename="../../../../apps/common/third_party_profile/jieli/JL_rcsp/bt_trans_data/le_rcsp_adv_module.h" />
<Unit filename="../../../../apps/common/third_party_profile/jieli/JL_rcsp/rcsp_bluetooth.c"><Option compilerVer="CC"/></Unit>
<Unit filename="../../../../apps/common/third_party_profile/jieli/JL_rcsp/rcsp_bluetooth.h" />
<Unit filename="../../../../apps/common/third_party_profile/jieli/JL_rcsp/rcsp_msg.h" />
<Unit filename="../../../../apps/common/third_party_profile/jieli/JL_rcsp/rcsp_updata/rcsp_ch_loader_download.c"><Option compilerVer="CC"/></Unit>
<Unit filename="../../../../apps/common/third_party_profile/jieli/JL_rcsp/rcsp_updata/rcsp_user_update.c"><Option compilerVer="CC"/></Unit>
<Unit filename="../../../../apps/common/third_party_profile/jieli/JL_rcsp/rcsp_updata/rcsp_user_update.h" />
<Unit filename="../../../../apps/common/third_party_profile/jieli/le_at_client.c"><Option compilerVer="CC"/></Unit>
<Unit filename="../../../../apps/common/third_party_profile/jieli/le_at_client.h" />
<Unit filename="../../../../apps/common/third_party_profile/jieli/le_at_com.c"><Option compilerVer="CC"/></Unit>
<Unit filename="../../../../apps/common/third_party_profile/jieli/le_at_com.h" />
<Unit filename="../../../../apps/common/third_party_profile/jieli/le_client_demo.c"><Option compilerVer="CC"/></Unit>
<Unit filename="../../../../apps/common/third_party_profile/jieli/le_client_demo.h" />
<Unit filename="../../../../apps/common/third_party_profile/jieli/le_common.h" />
<Unit filename="../../../../apps/common/third_party_profile/jieli/spp_at_com.c"><Option compilerVer="CC"/></Unit>
<Unit filename="../../../../apps/common/third_party_profile/jieli/spp_at_com.h" />
<Unit filename="../../../../apps/common/third_party_profile/jieli/trans_data_demo/le_trans_data.c"><Option compilerVer="CC"/></Unit>
<Unit filename="../../../../apps/common/third_party_profile/jieli/trans_data_demo/le_trans_data.h" />
<Unit filename="../../../../apps/common/third_party_profile/jieli/trans_data_demo/spp_trans_data.c"><Option compilerVer="CC"/></Unit>
<Unit filename="../../../../apps/common/third_party_profile/jieli/trans_data_demo/spp_trans_data.h" />
<Unit filename="../../../../apps/common/update/update.c"><Option compilerVer="CC"/></Unit>
<Unit filename="../../../../apps/common/usb/device/descriptor.c"><Option compilerVer="CC"/></Unit>
<Unit filename="../../../../apps/common/usb/device/hid.c"><Option compilerVer="CC"/></Unit>
<Unit filename="../../../../apps/common/usb/device/msd.c"><Option compilerVer="CC"/></Unit>
<Unit filename="../../../../apps/common/usb/device/msd_upgrade.c"><Option compilerVer="CC"/></Unit>
<Unit filename="../../../../apps/common/usb/device/task_pc.c"><Option compilerVer="CC"/></Unit>
<Unit filename="../../../../apps/common/usb/device/uac1.c"><Option compilerVer="CC"/></Unit>
<Unit filename="../../../../apps/common/usb/device/uac_stream.c"><Option compilerVer="CC"/></Unit>
<Unit filename="../../../../apps/common/usb/device/usb_device.c"><Option compilerVer="CC"/></Unit>
<Unit filename="../../../../apps/common/usb/device/user_setup.c"><Option compilerVer="CC"/></Unit>
<Unit filename="../../../../apps/common/usb/host/adb.c"><Option compilerVer="CC"/></Unit>
<Unit filename="../../../../apps/common/usb/host/adb.h" />
<Unit filename="../../../../apps/common/usb/host/aoa.c"><Option compilerVer="CC"/></Unit>
<Unit filename="../../../../apps/common/usb/host/aoa.h" />
<Unit filename="../../../../apps/common/usb/host/audio.c"><Option compilerVer="CC"/></Unit>
<Unit filename="../../../../apps/common/usb/host/audio_demo.c"><Option compilerVer="CC"/></Unit>
<Unit filename="../../../../apps/common/usb/host/hid.c"><Option compilerVer="CC"/></Unit>
<Unit filename="../../../../apps/common/usb/host/usb_bulk_transfer.c"><Option compilerVer="CC"/></Unit>
<Unit filename="../../../../apps/common/usb/host/usb_bulk_transfer.h" />
<Unit filename="../../../../apps/common/usb/host/usb_ctrl_transfer.c"><Option compilerVer="CC"/></Unit>
<Unit filename="../../../../apps/common/usb/host/usb_ctrl_transfer.h" />
<Unit filename="../../../../apps/common/usb/host/usb_hid_keys.h" />
<Unit filename="../../../../apps/common/usb/host/usb_host.c"><Option compilerVer="CC"/></Unit>
<Unit filename="../../../../apps/common/usb/host/usb_storage.c"><Option compilerVer="CC"/></Unit>
<Unit filename="../../../../apps/common/usb/host/usb_storage.h" />
<Unit filename="../../../../apps/common/usb/usb_common_def.h" />
<Unit filename="../../../../apps/common/usb/usb_config.c"><Option compilerVer="CC"/></Unit>
<Unit filename="../../../../apps/common/usb/usb_config.h" />
<Unit filename="../../../../apps/common/usb/usb_host_config.c"><Option compilerVer="CC"/></Unit>
<Unit filename="../../../../apps/spp_and_le/app_at_com.c"><Option compilerVer="CC"/></Unit>
<Unit filename="../../../../apps/spp_and_le/app_charge.c"><Option compilerVer="CC"/></Unit>
<Unit filename="../../../../apps/spp_and_le/app_dongle.c"><Option compilerVer="CC"/></Unit>
<Unit filename="../../../../apps/spp_and_le/app_idle.c"><Option compilerVer="CC"/></Unit>
<Unit filename="../../../../apps/spp_and_le/app_main.c"><Option compilerVer="CC"/></Unit>
<Unit filename="../../../../apps/spp_and_le/app_power_manage.c"><Option compilerVer="CC"/></Unit>
<Unit filename="../../../../apps/spp_and_le/app_spp_and_le.c"><Option compilerVer="CC"/></Unit>
<Unit filename="../../../../apps/spp_and_le/at_cmds.c"><Option compilerVer="CC"/></Unit>
<Unit filename="../../../../apps/spp_and_le/at_uart.c"><Option compilerVer="CC"/></Unit>
<Unit filename="../../../../apps/spp_and_le/board/bd29/board_ac6311_demo.c"><Option compilerVer="CC"/></Unit>
<Unit filename="../../../../apps/spp_and_le/board/bd29/board_ac6311_demo_cfg.h" />
<Unit filename="../../../../apps/spp_and_le/board/bd29/board_ac6313_demo.c"><Option compilerVer="CC"/></Unit>
<Unit filename="../../../../apps/spp_and_le/board/bd29/board_ac6313_demo_cfg.h" />
<Unit filename="../../../../apps/spp_and_le/board/bd29/board_ac6318_demo.c"><Option compilerVer="CC"/></Unit>
<Unit filename="../../../../apps/spp_and_le/board/bd29/board_ac6318_demo_cfg.h" />
<Unit filename="../../../../apps/spp_and_le/board/bd29/board_ac6319_demo.c"><Option compilerVer="CC"/></Unit>
<Unit filename="../../../../apps/spp_and_le/board/bd29/board_ac6319_demo_cfg.h" />
<Unit filename="../../../../apps/spp_and_le/board/bd29/board_ac631n_demo.c"><Option compilerVer="CC"/></Unit>
<Unit filename="../../../../apps/spp_and_le/board/bd29/board_ac631n_demo_cfg.h" />
<Unit filename="../../../../apps/spp_and_le/board/bd29/board_config.h" />
<Unit filename="../../../../apps/spp_and_le/include/app_action.h" />
<Unit filename="../../../../apps/spp_and_le/include/app_charge.h" />
<Unit filename="../../../../apps/spp_and_le/include/app_config.h" />
<Unit filename="../../../../apps/spp_and_le/include/app_main.h" />
<Unit filename="../../../../apps/spp_and_le/include/app_power_manage.h" />
<Unit filename="../../../../apps/spp_and_le/include/at.h" />
<Unit filename="../../../../apps/spp_and_le/include/lib_profile_cfg.h" />
<Unit filename="../../../../apps/spp_and_le/include/rtc_alarm.h" />
<Unit filename="../../../../apps/spp_and_le/include/user_cfg_id.h" />
<Unit filename="../../../../apps/spp_and_le/lib_config/lib_btctrler_config.c"><Option compilerVer="CC"/></Unit>
<Unit filename="../../../../apps/spp_and_le/lib_config/lib_btstack_config.c"><Option compilerVer="CC"/></Unit>
<Unit filename="../../../../apps/spp_and_le/lib_config/lib_driver_config.c"><Option compilerVer="CC"/></Unit>
<Unit filename="../../../../apps/spp_and_le/lib_config/lib_profile_config.c"><Option compilerVer="CC"/></Unit>
<Unit filename="../../../../apps/spp_and_le/lib_config/lib_system_config.c"><Option compilerVer="CC"/></Unit>
<Unit filename="../../../../apps/spp_and_le/lib_config/lib_update_config.c"><Option compilerVer="CC"/></Unit>
<Unit filename="../../../../apps/spp_and_le/log_config.c"><Option compilerVer="CC"/></Unit>
<Unit filename="../../../../apps/spp_and_le/misc.c"><Option compilerVer="CC"/></Unit>
<Unit filename="../../../../apps/spp_and_le/rtc_alarm.c"><Option compilerVer="CC"/></Unit>
<Unit filename="../../../../apps/spp_and_le/usb_hid_devices.c"><Option compilerVer="CC"/></Unit>
<Unit filename="../../../../apps/spp_and_le/user_cfg.c"><Option compilerVer="CC"/></Unit>
<Unit filename="../../../../apps/spp_and_le/version.c"><Option compilerVer="CC"/></Unit>
<Unit filename="../../../../cpu/bd29/adc_api.c"><Option compilerVer="CC"/></Unit>
<Unit filename="../../../../cpu/bd29/app_timer.c"><Option compilerVer="CC"/></Unit>
<Unit filename="../../../../cpu/bd29/charge.c"><Option compilerVer="CC"/></Unit>
<Unit filename="../../../../cpu/bd29/chargestore.c"><Option compilerVer="CC"/></Unit>
<Unit filename="../../../../cpu/bd29/iic_eeprom_test.c"><Option compilerVer="CC"/></Unit>
<Unit filename="../../../../cpu/bd29/iic_hw.c"><Option compilerVer="CC"/></Unit>
<Unit filename="../../../../cpu/bd29/iic_slave_test.c"><Option compilerVer="CC"/></Unit>
<Unit filename="../../../../cpu/bd29/iic_soft.c"><Option compilerVer="CC"/></Unit>
<Unit filename="../../../../cpu/bd29/irflt.c"><Option compilerVer="CC"/></Unit>
<Unit filename="../../../../cpu/bd29/mcpwm.c"><Option compilerVer="CC"/></Unit>
<Unit filename="../../../../cpu/bd29/plcnt.c"><Option compilerVer="CC"/></Unit>
<Unit filename="../../../../cpu/bd29/pwm_led.c"><Option compilerVer="CC"/></Unit>
<Unit filename="../../../../cpu/bd29/setup.c"><Option compilerVer="CC"/></Unit>
<Unit filename="../../../../cpu/bd29/spi.c"><Option compilerVer="CC"/></Unit>
<Unit filename="../../../../cpu/bd29/spi_test.c"><Option compilerVer="CC"/></Unit>
<Unit filename="../../../../cpu/bd29/uart_dev.c"><Option compilerVer="CC"/></Unit>
<Unit filename="../../../../cpu/bd29/uart_test.c"><Option compilerVer="CC"/></Unit>
<Unit filename="../../../../include_lib/btctrler/ble/hci_ll.h" />
<Unit filename="../../../../include_lib/btctrler/ble/ll_config.h" />
<Unit filename="../../../../include_lib/btctrler/btcontroller_mode.h" />
<Unit filename="../../../../include_lib/btctrler/btcontroller_modules.h" />
<Unit filename="../../../../include_lib/btctrler/btctrler_task.h" />
<Unit filename="../../../../include_lib/btctrler/classic/hci_lmp.h" />
<Unit filename="../../../../include_lib/btctrler/classic/lmp_config.h" />
<Unit filename="../../../../include_lib/btctrler/hci_transport.h" />
<Unit filename="../../../../include_lib/btctrler/port/bd29/btcontroller_config.h" />
<Unit filename="../../../../include_lib/btstack/avctp_user.h" />
<Unit filename="../../../../include_lib/btstack/bluetooth.h" />
<Unit filename="../../../../include_lib/btstack/bt_profile_config.h" />
<Unit filename="../../../../include_lib/btstack/btstack_event.h" />
<Unit filename="../../../../include_lib/btstack/btstack_task.h" />
<Unit filename="../../../../include_lib/btstack/btstack_typedef.h" />
<Unit filename="../../../../include_lib/btstack/frame_queque.h" />
<Unit filename="../../../../include_lib/btstack/le/att.h" />
<Unit filename="../../../../include_lib/btstack/le/ble_api.h" />
<Unit filename="../../../../include_lib/btstack/le/ble_data_types.h" />
<Unit filename="../../../../include_lib/btstack/le/gatt.h" />
<Unit filename="../../../../include_lib/btstack/le/le_user.h" />
<Unit filename="../../../../include_lib/btstack/le/sm.h" />
<Unit filename="../../../../include_lib/btstack/third_party/baidu/dma_protobuf.h" />
<Unit filename="../../../../include_lib/btstack/third_party/baidu/dueros_dma.h" />
<Unit filename="../../../../include_lib/btstack/third_party/baidu/dueros_dma_pb.h" />
<Unit filename="../../../../include_lib/btstack/third_party/baidu/dueros_platform.h" />
<Unit filename="../../../../include_lib/btstack/third_party/common/ble_config.h" />
<Unit filename="../../../../include_lib/btstack/third_party/common/ble_user.h" />
<Unit filename="../../../../include_lib/btstack/third_party/common/btstack_3th_protocol_user.h" />
<Unit filename="../../../../include_lib/btstack/third_party/common/spp_config.h" />
<Unit filename="../../../../include_lib/btstack/third_party/common/spp_user.h" />
<Unit filename="../../../../include_lib/btstack/third_party/rcsp/JL_rcsp_api.h" />
<Unit filename="../../../../include_lib/btstack/third_party/rcsp/JL_rcsp_packet.h" />
<Unit filename="../../../../include_lib/btstack/third_party/rcsp/JL_rcsp_protocol.h" />
<Unit filename="../../../../include_lib/btstack/third_party/rcsp/attr.h" />
<Unit filename="../../../../include_lib/driver/cpu/bd29/asm/adc_api.h" />
<Unit filename="../../../../include_lib/driver/cpu/bd29/asm/bd29.h" />
<Unit filename="../../../../include_lib/driver/cpu/bd29/asm/charge.h" />
<Unit filename="../../../../include_lib/driver/cpu/bd29/asm/chargestore.h" />
<Unit filename="../../../../include_lib/driver/cpu/bd29/asm/clock.h" />
<Unit filename="../../../../include_lib/driver/cpu/bd29/asm/clock_hw.h" />
<Unit filename="../../../../include_lib/driver/cpu/bd29/asm/cpu.h" />
<Unit filename="../../../../include_lib/driver/cpu/bd29/asm/crc16.h" />
<Unit filename="../../../../include_lib/driver/cpu/bd29/asm/csfr.h" />
<Unit filename="../../../../include_lib/driver/cpu/bd29/asm/debug.h" />
<Unit filename="../../../../include_lib/driver/cpu/bd29/asm/efuse.h" />
<Unit filename="../../../../include_lib/driver/cpu/bd29/asm/gpio.h" />
<Unit filename="../../../../include_lib/driver/cpu/bd29/asm/hwi.h" />
<Unit filename="../../../../include_lib/driver/cpu/bd29/asm/iic_hw.h" />
<Unit filename="../../../../include_lib/driver/cpu/bd29/asm/iic_soft.h" />
<Unit filename="../../../../include_lib/driver/cpu/bd29/asm/includes.h" />
<Unit filename="../../../../include_lib/driver/cpu/bd29/asm/irflt.h" />
<Unit filename="../../../../include_lib/driver/cpu/bd29/asm/irq.h" />
<Unit filename="../../../../include_lib/driver/cpu/bd29/asm/mcpwm.h" />
<Unit filename="../../../../include_lib/driver/cpu/bd29/asm/plcnt.h" />
<Unit filename="../../../../include_lib/driver/cpu/bd29/asm/power/p33.h" />
<Unit filename="../../../../include_lib/driver/cpu/bd29/asm/power_interface.h" />
<Unit filename="../../../../include_lib/driver/cpu/bd29/asm/pwm_led.h" />
<Unit filename="../../../../include_lib/driver/cpu/bd29/asm/rdec.h" />
<Unit filename="../../../../include_lib/driver/cpu/bd29/asm/rtc.h" />
<Unit filename="../../../../include_lib/driver/cpu/bd29/asm/spi.h" />
<Unit filename="../../../../include_lib/driver/cpu/bd29/asm/spiflash.h" />
<Unit filename="../../../../include_lib/driver/cpu/bd29/asm/uart.h" />
<Unit filename="../../../../include_lib/driver/cpu/bd29/asm/uart_dev.h" />
<Unit filename="../../../../include_lib/driver/cpu/bd29/asm/usb.h" />
<Unit filename="../../../../include_lib/driver/cpu/bd29/asm/wdt.h" />
<Unit filename="../../../../include_lib/driver/device/sdio_host_init.h" />
<Unit filename="../../../../include_lib/driver/device/sdmmc.h" />
<Unit filename="../../../../include_lib/driver/device/spiflash.h" />
<Unit filename="../../../../include_lib/driver/device/uart.h" />
<Unit filename="../../../../include_lib/driver/device/usb/ch9.h" />
<Unit filename="../../../../include_lib/driver/device/usb/device/descriptor.h" />
<Unit filename="../../../../include_lib/driver/device/usb/device/hid.h" />
<Unit filename="../../../../include_lib/driver/device/usb/device/msd.h" />
<Unit filename="../../../../include_lib/driver/device/usb/device/uac_audio.h" />
<Unit filename="../../../../include_lib/driver/device/usb/device/usb_stack.h" />
<Unit filename="../../../../include_lib/driver/device/usb/host/usb_host.h" />
<Unit filename="../../../../include_lib/driver/device/usb/otg.h" />
<Unit filename="../../../../include_lib/driver/device/usb/scsi.h" />
<Unit filename="../../../../include_lib/driver/device/usb/usb_phy.h" />
<Unit filename="../../../../include_lib/system/app_core.h" />
<Unit filename="../../../../include_lib/system/app_msg.h" />
<Unit filename="../../../../include_lib/system/bank_switch.h" />
<Unit filename="../../../../include_lib/system/config/config_transport.h" />
<Unit filename="../../../../include_lib/system/crypto_toolbox/Crypto_hash.h" />
<Unit filename="../../../../include_lib/system/crypto_toolbox/aes_cmac.h" />
<Unit filename="../../../../include_lib/system/crypto_toolbox/bigint.h" />
<Unit filename="../../../../include_lib/system/crypto_toolbox/bigint_impl.h" />
<Unit filename="../../../../include_lib/system/crypto_toolbox/crypto.h" />
<Unit filename="../../../../include_lib/system/crypto_toolbox/ecdh.h" />
<Unit filename="../../../../include_lib/system/crypto_toolbox/endian.h" />
<Unit filename="../../../../include_lib/system/crypto_toolbox/hmac.h" />
<Unit filename="../../../../include_lib/system/crypto_toolbox/micro-ecc/uECC_new.h" />
<Unit filename="../../../../include_lib/system/crypto_toolbox/rijndael.h" />
<Unit filename="../../../../include_lib/system/crypto_toolbox/sha256.h" />
<Unit filename="../../../../include_lib/system/database.h" />
<Unit filename="../../../../include_lib/system/debug.h" />
<Unit filename="../../../../include_lib/system/device/adkey.h" />
<Unit filename="../../../../include_lib/system/device/device.h" />
<Unit filename="../../../../include_lib/system/device/device_drive.h" />
<Unit filename="../../../../include_lib/system/device/includes.h" />
<Unit filename="../../../../include_lib/system/device/ioctl_cmds.h" />
<Unit filename="../../../../include_lib/system/device/iokey.h" />
<Unit filename="../../../../include_lib/system/device/irkey.h" />
<Unit filename="../../../../include_lib/system/device/key_driver.h" />
<Unit filename="../../../../include_lib/system/device/rdec_key.h" />
<Unit filename="../../../../include_lib/system/device/slidekey.h" />
<Unit filename="../../../../include_lib/system/device/touch_key.h" />
<Unit filename="../../../../include_lib/system/device/vm.h" />
<Unit filename="../../../../include_lib/system/event.h" />
<Unit filename="../../../../include_lib/system/fs/fs.h" />
<Unit filename="../../../../include_lib/system/fs/fs_file_name.h" />
<Unit filename="../../../../include_lib/system/fs/sdfile.h" />
<Unit filename="../../../../include_lib/system/generic/ascii.h" />
<Unit filename="../../../../include_lib/system/generic/atomic.h" />
<Unit filename="../../../../include_lib/system/generic/circular_buf.h" />
<Unit filename="../../../../include_lib/system/generic/cpu.h" />
<Unit filename="../../../../include_lib/system/generic/debug_lite.h" />
<Unit filename="../../../../include_lib/system/generic/errno-base.h" />
<Unit filename="../../../../include_lib/system/generic/gpio.h" />
<Unit filename="../../../../include_lib/system/generic/includes.h" />
<Unit filename="../../../../include_lib/system/generic/index.h" />
<Unit filename="../../../../include_lib/system/generic/ioctl.h" />
<Unit filename="../../../../include_lib/system/generic/irq.h" />
<Unit filename="../../../../include_lib/system/generic/jiffies.h" />
<Unit filename="../../../../include_lib/system/generic/lbuf.h" />
<Unit filename="../../../../include_lib/system/generic/lbuf_lite.h" />
<Unit filename="../../../../include_lib/system/generic/list.h" />
<Unit filename="../../../../include_lib/system/generic/log.h" />
<Unit filename="../../../../include_lib/system/generic/printf.h" />
<Unit filename="../../../../include_lib/system/generic/rect.h" />
<Unit filename="../../../../include_lib/system/generic/typedef.h" />
<Unit filename="../../../../include_lib/system/generic/version.h" />
<Unit filename="../../../../include_lib/system/includes.h" />
<Unit filename="../../../../include_lib/system/init.h" />
<Unit filename="../../../../include_lib/system/malloc.h" />
<Unit filename="../../../../include_lib/system/os/FreeRTOS/FreeRTOS.h" />
<Unit filename="../../../../include_lib/system/os/FreeRTOS/FreeRTOSConfig.h" />
<Unit filename="../../../../include_lib/system/os/FreeRTOS/deprecated_definitions.h" />
<Unit filename="../../../../include_lib/system/os/FreeRTOS/list.h" />
<Unit filename="../../../../include_lib/system/os/FreeRTOS/mpu_wrappers.h" />
<Unit filename="../../../../include_lib/system/os/FreeRTOS/portable.h" />
<Unit filename="../../../../include_lib/system/os/FreeRTOS/projdefs.h" />
<Unit filename="../../../../include_lib/system/os/FreeRTOS/q32s/portmacro.h" />
<Unit filename="../../../../include_lib/system/os/FreeRTOS/queue.h" />
<Unit filename="../../../../include_lib/system/os/FreeRTOS/semphr.h" />
<Unit filename="../../../../include_lib/system/os/FreeRTOS/task.h" />
<Unit filename="../../../../include_lib/system/os/os_api.h" />
<Unit filename="../../../../include_lib/system/os/os_cpu.h" />
<Unit filename="../../../../include_lib/system/os/os_error.h" />
<Unit filename="../../../../include_lib/system/os/os_type.h" />
<Unit filename="../../../../include_lib/system/power_manage.h" />
<Unit filename="../../../../include_lib/system/server/server_core.h" />
<Unit filename="../../../../include_lib/system/spinlock.h" />
<Unit filename="../../../../include_lib/system/sys_time.h" />
<Unit filename="../../../../include_lib/system/syscfg_id.h" />
<Unit filename="../../../../include_lib/system/task.h" />
<Unit filename="../../../../include_lib/system/timer.h" />
<Unit filename="../../../../include_lib/system/user_cfg.h" />
<Unit filename="../../../../include_lib/system/wait.h" />
<Unit filename="../../../../include_lib/update/uart_update.h" />
<Unit filename="../../../../include_lib/update/update.h" />
<Unit filename="../../../../include_lib/update/update_loader_download.h" />
</Project>
</CodeBlocks_project_file>
